
Microsoft Visual Studio Solution File, Format Version 12.00
# Visual Studio Version 17
VisualStudioVersion = 17.10.34916.146
MinimumVisualStudioVersion = 10.0.40219.1
Project("{9A19103F-16F7-4668-BE54-9A1E7A4F7556}") = "ServerPulse.Client", "ServerPulse.Client.csproj", "{514C33E3-BD21-414F-A3AF-28B21C4880EB}"
EndProject
Project("{9A19103F-16F7-4668-BE54-9A1E7A4F7556}") = "ClientUseCase", "..\..\samples\ClientUseCase\ClientUseCase.csproj", "{97452583-B9CD-437E-8C80-F5653FF2F09B}"
EndProject
Project("{9A19103F-16F7-4668-BE54-9A1E7A4F7556}") = "ServerPulse.EventCommunication", "..\ServerPulse.EventCommunication\ServerPulse.EventCommunication.csproj", "{4CF6D3C0-5E07-4B1A-A703-3FB5F257C6CD}"
EndProject
Project("{2150E333-8FDC-42A3-9474-1A3956D46DE8}") = "UnitTests", "UnitTests", "{F760C8F2-857E-4D37-8B95-D2B14E936C01}"
EndProject
Project("{FAE04EC0-301F-11D3-BF4B-00C04F79EFBC}") = "ServerPulse.EventCommunicationTests", "..\..\test\ServerPulse.UnitTests\ServerPulse.EventCommunication\ServerPulse.EventCommunicationTests\ServerPulse.EventCommunicationTests.csproj", "{54A29BE8-EFDD-4A33-8F87-E35DB02BCD4D}"
EndProject
Project("{FAE04EC0-301F-11D3-BF4B-00C04F79EFBC}") = "ServerPulse.ClientTests", "..\..\test\ServerPulse.UnitTests\ServerPulse.Client\ServerPulse.ClientTests\ServerPulse.ClientTests.csproj", "{8CA4D77E-B370-4474-AAB7-14AAC08A2DD4}"
EndProject
Global
	GlobalSection(SolutionConfigurationPlatforms) = preSolution
		Debug|Any CPU = Debug|Any CPU
		Release|Any CPU = Release|Any CPU
	EndGlobalSection
	GlobalSection(ProjectConfigurationPlatforms) = postSolution
		{514C33E3-BD21-414F-A3AF-28B21C4880EB}.Debug|Any CPU.ActiveCfg = Debug|Any CPU
		{514C33E3-BD21-414F-A3AF-28B21C4880EB}.Debug|Any CPU.Build.0 = Debug|Any CPU
		{514C33E3-BD21-414F-A3AF-28B21C4880EB}.Release|Any CPU.ActiveCfg = Release|Any CPU
		{514C33E3-BD21-414F-A3AF-28B21C4880EB}.Release|Any CPU.Build.0 = Release|Any CPU
		{97452583-B9CD-437E-8C80-F5653FF2F09B}.Debug|Any CPU.ActiveCfg = Debug|Any CPU
		{97452583-B9CD-437E-8C80-F5653FF2F09B}.Debug|Any CPU.Build.0 = Debug|Any CPU
		{97452583-B9CD-437E-8C80-F5653FF2F09B}.Release|Any CPU.ActiveCfg = Release|Any CPU
		{97452583-B9CD-437E-8C80-F5653FF2F09B}.Release|Any CPU.Build.0 = Release|Any CPU
		{4CF6D3C0-5E07-4B1A-A703-3FB5F257C6CD}.Debug|Any CPU.ActiveCfg = Debug|Any CPU
		{4CF6D3C0-5E07-4B1A-A703-3FB5F257C6CD}.Debug|Any CPU.Build.0 = Debug|Any CPU
		{4CF6D3C0-5E07-4B1A-A703-3FB5F257C6CD}.Release|Any CPU.ActiveCfg = Release|Any CPU
		{4CF6D3C0-5E07-4B1A-A703-3FB5F257C6CD}.Release|Any CPU.Build.0 = Release|Any CPU
		{54A29BE8-EFDD-4A33-8F87-E35DB02BCD4D}.Debug|Any CPU.ActiveCfg = Debug|Any CPU
		{54A29BE8-EFDD-4A33-8F87-E35DB02BCD4D}.Debug|Any CPU.Build.0 = Debug|Any CPU
		{54A29BE8-EFDD-4A33-8F87-E35DB02BCD4D}.Release|Any CPU.ActiveCfg = Release|Any CPU
		{54A29BE8-EFDD-4A33-8F87-E35DB02BCD4D}.Release|Any CPU.Build.0 = Release|Any CPU
		{8CA4D77E-B370-4474-AAB7-14AAC08A2DD4}.Debug|Any CPU.ActiveCfg = Debug|Any CPU
		{8CA4D77E-B370-4474-AAB7-14AAC08A2DD4}.Debug|Any CPU.Build.0 = Debug|Any CPU
		{8CA4D77E-B370-4474-AAB7-14AAC08A2DD4}.Release|Any CPU.ActiveCfg = Release|Any CPU
		{8CA4D77E-B370-4474-AAB7-14AAC08A2DD4}.Release|Any CPU.Build.0 = Release|Any CPU
	EndGlobalSection
	GlobalSection(SolutionProperties) = preSolution
		HideSolutionNode = FALSE
	EndGlobalSection
	GlobalSection(NestedProjects) = preSolution
		{54A29BE8-EFDD-4A33-8F87-E35DB02BCD4D} = {F760C8F2-857E-4D37-8B95-D2B14E936C01}
		{8CA4D77E-B370-4474-AAB7-14AAC08A2DD4} = {F760C8F2-857E-4D37-8B95-D2B14E936C01}
	EndGlobalSection
	GlobalSection(ExtensibilityGlobals) = postSolution
		SolutionGuid = {BC2D31A2-2468-434A-B5B9-F64DDBC158E2}
	EndGlobalSection
EndGlobal
