
Microsoft Visual Studio Solution File, Format Version 12.00
# Visual Studio Version 17
VisualStudioVersion = 17.10.34928.147
MinimumVisualStudioVersion = 10.0.40219.1
Project("{9A19103F-16F7-4668-BE54-9A1E7A4F7556}") = "TestServer", "TestServer\TestServer.csproj", "{FE829492-D65E-48A0-BE20-8564CCA56FCB}"
EndProject
Project("{2150E333-8FDC-42A3-9474-1A3956D46DE8}") = "Microservices", "Microservices", "{C260E3F5-9C36-4648-99F6-6714CF242134}"
EndProject
Project("{2150E333-8FDC-42A3-9474-1A3956D46DE8}") = "Infrastructure", "Infrastructure", "{055C1BB6-678D-4258-80AC-4816688B1AF6}"
EndProject
Project("{9A19103F-16F7-4668-BE54-9A1E7A4F7556}") = "Authentication", "Authentication\Authentication.csproj", "{F9C12789-CC5E-4A77-B686-7ABA033FE2C9}"
EndProject
Project("{9A19103F-16F7-4668-BE54-9A1E7A4F7556}") = "AuthenticationApi", "AuthenticationApi\AuthenticationApi.csproj", "{5B1E72B7-1E72-4DDD-9496-00C7DA2C29A2}"
EndProject
Project("{9A19103F-16F7-4668-BE54-9A1E7A4F7556}") = "Shared", "Shared\Shared.csproj", "{EE43F286-EF99-4331-BB28-EA0E85053F0D}"
EndProject
Project("{E53339B2-1760-4266-BCC7-CA923CBCF16C}") = "docker-compose", "docker-compose.dcproj", "{8EAB7DC0-86B8-457A-B1A3-C62559D3DF19}"
EndProject
Project("{2150E333-8FDC-42A3-9474-1A3956D46DE8}") = "ApiGateway", "ApiGateway", "{69154AD3-EEF4-4521-A794-CCD368681851}"
EndProject
Project("{9A19103F-16F7-4668-BE54-9A1E7A4F7556}") = "ApiGateway", "ApiGateway\ApiGateway.csproj", "{BF11E821-30F9-4A09-978F-E19B14DC81DD}"
EndProject
Project("{9A19103F-16F7-4668-BE54-9A1E7A4F7556}") = "ServerSlotApi", "ServerSlotApi\ServerSlotApi.csproj", "{C726CB4F-16EC-4ACF-847C-797A81441858}"
EndProject
Project("{2150E333-8FDC-42A3-9474-1A3956D46DE8}") = "Tests", "Tests", "{D3E9CCD5-217F-4FF9-B373-D275F856C29B}"
EndProject
Project("{9A19103F-16F7-4668-BE54-9A1E7A4F7556}") = "AuthenticationTests", "Tests\AuthenticationTests\AuthenticationTests.csproj", "{21E15ACE-099B-4F33-AC3F-2DEDB8D704BB}"
EndProject
Project("{9A19103F-16F7-4668-BE54-9A1E7A4F7556}") = "SharedTests", "Tests\SharedTests\SharedTests.csproj", "{50C45355-3A4A-4878-BDED-0893958CD0C9}"
EndProject
Project("{9A19103F-16F7-4668-BE54-9A1E7A4F7556}") = "AuthenticationApiTests", "Tests\AuthenticationApiTests\AuthenticationApiTests.csproj", "{FCDFB399-D5A0-44B3-9ACD-145090D09DD6}"
EndProject
Project("{9A19103F-16F7-4668-BE54-9A1E7A4F7556}") = "ServerSlotApiTests", "Tests\ServerSlotApiTests\ServerSlotApiTests.csproj", "{3FF6544B-1B8B-48F9-9D66-1AFB19685920}"
EndProject
Project("{9A19103F-16F7-4668-BE54-9A1E7A4F7556}") = "ServerInteractionApi", "ServerInteractionApi\ServerInteractionApi.csproj", "{F475F1DB-EDE3-4F7C-8672-9942103C5CEF}"
EndProject
Project("{9A19103F-16F7-4668-BE54-9A1E7A4F7556}") = "MessageBus", "MessageBus\MessageBus.csproj", "{7057027A-7F96-4EFA-A86E-C8B4FA56E0E6}"
EndProject
Project("{FAE04EC0-301F-11D3-BF4B-00C04F79EFBC}") = "MessageBusTests", "Tests\MessageBusTests\MessageBusTests.csproj", "{A69E57D8-8174-448F-8DAD-8A7F3B4E54A3}"
EndProject
Project("{FAE04EC0-301F-11D3-BF4B-00C04F79EFBC}") = "ServerInteractionApiTests", "Tests\ServerInteractionApiTests\ServerInteractionApiTests.csproj", "{464DB892-D620-42C4-9490-C2646F387239}"
EndProject
Global
	GlobalSection(SolutionConfigurationPlatforms) = preSolution
		Debug|Any CPU = Debug|Any CPU
		Release|Any CPU = Release|Any CPU
	EndGlobalSection
	GlobalSection(ProjectConfigurationPlatforms) = postSolution
		{FE829492-D65E-48A0-BE20-8564CCA56FCB}.Debug|Any CPU.ActiveCfg = Debug|Any CPU
		{FE829492-D65E-48A0-BE20-8564CCA56FCB}.Debug|Any CPU.Build.0 = Debug|Any CPU
		{FE829492-D65E-48A0-BE20-8564CCA56FCB}.Release|Any CPU.ActiveCfg = Release|Any CPU
		{FE829492-D65E-48A0-BE20-8564CCA56FCB}.Release|Any CPU.Build.0 = Release|Any CPU
		{F9C12789-CC5E-4A77-B686-7ABA033FE2C9}.Debug|Any CPU.ActiveCfg = Debug|Any CPU
		{F9C12789-CC5E-4A77-B686-7ABA033FE2C9}.Debug|Any CPU.Build.0 = Debug|Any CPU
		{F9C12789-CC5E-4A77-B686-7ABA033FE2C9}.Release|Any CPU.ActiveCfg = Release|Any CPU
		{F9C12789-CC5E-4A77-B686-7ABA033FE2C9}.Release|Any CPU.Build.0 = Release|Any CPU
		{5B1E72B7-1E72-4DDD-9496-00C7DA2C29A2}.Debug|Any CPU.ActiveCfg = Debug|Any CPU
		{5B1E72B7-1E72-4DDD-9496-00C7DA2C29A2}.Debug|Any CPU.Build.0 = Debug|Any CPU
		{5B1E72B7-1E72-4DDD-9496-00C7DA2C29A2}.Release|Any CPU.ActiveCfg = Release|Any CPU
		{5B1E72B7-1E72-4DDD-9496-00C7DA2C29A2}.Release|Any CPU.Build.0 = Release|Any CPU
		{EE43F286-EF99-4331-BB28-EA0E85053F0D}.Debug|Any CPU.ActiveCfg = Debug|Any CPU
		{EE43F286-EF99-4331-BB28-EA0E85053F0D}.Debug|Any CPU.Build.0 = Debug|Any CPU
		{EE43F286-EF99-4331-BB28-EA0E85053F0D}.Release|Any CPU.ActiveCfg = Release|Any CPU
		{EE43F286-EF99-4331-BB28-EA0E85053F0D}.Release|Any CPU.Build.0 = Release|Any CPU
		{8EAB7DC0-86B8-457A-B1A3-C62559D3DF19}.Debug|Any CPU.ActiveCfg = Debug|Any CPU
		{8EAB7DC0-86B8-457A-B1A3-C62559D3DF19}.Debug|Any CPU.Build.0 = Debug|Any CPU
		{8EAB7DC0-86B8-457A-B1A3-C62559D3DF19}.Release|Any CPU.ActiveCfg = Debug|Any CPU
		{BF11E821-30F9-4A09-978F-E19B14DC81DD}.Debug|Any CPU.ActiveCfg = Debug|Any CPU
		{BF11E821-30F9-4A09-978F-E19B14DC81DD}.Debug|Any CPU.Build.0 = Debug|Any CPU
		{BF11E821-30F9-4A09-978F-E19B14DC81DD}.Release|Any CPU.ActiveCfg = Release|Any CPU
		{BF11E821-30F9-4A09-978F-E19B14DC81DD}.Release|Any CPU.Build.0 = Release|Any CPU
		{C726CB4F-16EC-4ACF-847C-797A81441858}.Debug|Any CPU.ActiveCfg = Debug|Any CPU
		{C726CB4F-16EC-4ACF-847C-797A81441858}.Debug|Any CPU.Build.0 = Debug|Any CPU
		{C726CB4F-16EC-4ACF-847C-797A81441858}.Release|Any CPU.ActiveCfg = Release|Any CPU
		{C726CB4F-16EC-4ACF-847C-797A81441858}.Release|Any CPU.Build.0 = Release|Any CPU
		{21E15ACE-099B-4F33-AC3F-2DEDB8D704BB}.Debug|Any CPU.ActiveCfg = Debug|Any CPU
		{21E15ACE-099B-4F33-AC3F-2DEDB8D704BB}.Debug|Any CPU.Build.0 = Debug|Any CPU
		{21E15ACE-099B-4F33-AC3F-2DEDB8D704BB}.Release|Any CPU.ActiveCfg = Release|Any CPU
		{21E15ACE-099B-4F33-AC3F-2DEDB8D704BB}.Release|Any CPU.Build.0 = Release|Any CPU
		{50C45355-3A4A-4878-BDED-0893958CD0C9}.Debug|Any CPU.ActiveCfg = Debug|Any CPU
		{50C45355-3A4A-4878-BDED-0893958CD0C9}.Debug|Any CPU.Build.0 = Debug|Any CPU
		{50C45355-3A4A-4878-BDED-0893958CD0C9}.Release|Any CPU.ActiveCfg = Release|Any CPU
		{50C45355-3A4A-4878-BDED-0893958CD0C9}.Release|Any CPU.Build.0 = Release|Any CPU
		{FCDFB399-D5A0-44B3-9ACD-145090D09DD6}.Debug|Any CPU.ActiveCfg = Debug|Any CPU
		{FCDFB399-D5A0-44B3-9ACD-145090D09DD6}.Debug|Any CPU.Build.0 = Debug|Any CPU
		{FCDFB399-D5A0-44B3-9ACD-145090D09DD6}.Release|Any CPU.ActiveCfg = Release|Any CPU
		{FCDFB399-D5A0-44B3-9ACD-145090D09DD6}.Release|Any CPU.Build.0 = Release|Any CPU
		{3FF6544B-1B8B-48F9-9D66-1AFB19685920}.Debug|Any CPU.ActiveCfg = Debug|Any CPU
		{3FF6544B-1B8B-48F9-9D66-1AFB19685920}.Debug|Any CPU.Build.0 = Debug|Any CPU
		{3FF6544B-1B8B-48F9-9D66-1AFB19685920}.Release|Any CPU.ActiveCfg = Release|Any CPU
		{3FF6544B-1B8B-48F9-9D66-1AFB19685920}.Release|Any CPU.Build.0 = Release|Any CPU
		{F475F1DB-EDE3-4F7C-8672-9942103C5CEF}.Debug|Any CPU.ActiveCfg = Debug|Any CPU
		{F475F1DB-EDE3-4F7C-8672-9942103C5CEF}.Debug|Any CPU.Build.0 = Debug|Any CPU
		{F475F1DB-EDE3-4F7C-8672-9942103C5CEF}.Release|Any CPU.ActiveCfg = Release|Any CPU
		{F475F1DB-EDE3-4F7C-8672-9942103C5CEF}.Release|Any CPU.Build.0 = Release|Any CPU
		{7057027A-7F96-4EFA-A86E-C8B4FA56E0E6}.Debug|Any CPU.ActiveCfg = Debug|Any CPU
		{7057027A-7F96-4EFA-A86E-C8B4FA56E0E6}.Debug|Any CPU.Build.0 = Debug|Any CPU
		{7057027A-7F96-4EFA-A86E-C8B4FA56E0E6}.Release|Any CPU.ActiveCfg = Release|Any CPU
		{7057027A-7F96-4EFA-A86E-C8B4FA56E0E6}.Release|Any CPU.Build.0 = Release|Any CPU
		{A69E57D8-8174-448F-8DAD-8A7F3B4E54A3}.Debug|Any CPU.ActiveCfg = Debug|Any CPU
		{A69E57D8-8174-448F-8DAD-8A7F3B4E54A3}.Debug|Any CPU.Build.0 = Debug|Any CPU
		{A69E57D8-8174-448F-8DAD-8A7F3B4E54A3}.Release|Any CPU.ActiveCfg = Release|Any CPU
		{A69E57D8-8174-448F-8DAD-8A7F3B4E54A3}.Release|Any CPU.Build.0 = Release|Any CPU
		{464DB892-D620-42C4-9490-C2646F387239}.Debug|Any CPU.ActiveCfg = Debug|Any CPU
		{464DB892-D620-42C4-9490-C2646F387239}.Debug|Any CPU.Build.0 = Debug|Any CPU
		{464DB892-D620-42C4-9490-C2646F387239}.Release|Any CPU.ActiveCfg = Release|Any CPU
		{464DB892-D620-42C4-9490-C2646F387239}.Release|Any CPU.Build.0 = Release|Any CPU
	EndGlobalSection
	GlobalSection(SolutionProperties) = preSolution
		HideSolutionNode = FALSE
	EndGlobalSection
	GlobalSection(NestedProjects) = preSolution
		{F9C12789-CC5E-4A77-B686-7ABA033FE2C9} = {055C1BB6-678D-4258-80AC-4816688B1AF6}
		{5B1E72B7-1E72-4DDD-9496-00C7DA2C29A2} = {C260E3F5-9C36-4648-99F6-6714CF242134}
		{EE43F286-EF99-4331-BB28-EA0E85053F0D} = {055C1BB6-678D-4258-80AC-4816688B1AF6}
		{BF11E821-30F9-4A09-978F-E19B14DC81DD} = {69154AD3-EEF4-4521-A794-CCD368681851}
		{C726CB4F-16EC-4ACF-847C-797A81441858} = {C260E3F5-9C36-4648-99F6-6714CF242134}
		{21E15ACE-099B-4F33-AC3F-2DEDB8D704BB} = {D3E9CCD5-217F-4FF9-B373-D275F856C29B}
		{50C45355-3A4A-4878-BDED-0893958CD0C9} = {D3E9CCD5-217F-4FF9-B373-D275F856C29B}
		{FCDFB399-D5A0-44B3-9ACD-145090D09DD6} = {D3E9CCD5-217F-4FF9-B373-D275F856C29B}
		{3FF6544B-1B8B-48F9-9D66-1AFB19685920} = {D3E9CCD5-217F-4FF9-B373-D275F856C29B}
		{F475F1DB-EDE3-4F7C-8672-9942103C5CEF} = {C260E3F5-9C36-4648-99F6-6714CF242134}
		{7057027A-7F96-4EFA-A86E-C8B4FA56E0E6} = {055C1BB6-678D-4258-80AC-4816688B1AF6}
		{A69E57D8-8174-448F-8DAD-8A7F3B4E54A3} = {D3E9CCD5-217F-4FF9-B373-D275F856C29B}
		{464DB892-D620-42C4-9490-C2646F387239} = {D3E9CCD5-217F-4FF9-B373-D275F856C29B}
	EndGlobalSection
	GlobalSection(ExtensibilityGlobals) = postSolution
		SolutionGuid = {89B7B374-29A5-4E5B-A21F-6FC2B0DE9918}
	EndGlobalSection
EndGlobal
