
Microsoft Visual Studio Solution File, Format Version 12.00
# Visual Studio Version 17
VisualStudioVersion = 17.10.34928.147
MinimumVisualStudioVersion = 10.0.40219.1
Project("{2150E333-8FDC-42A3-9474-1A3956D46DE8}") = "Microservices", "Microservices", "{C260E3F5-9C36-4648-99F6-6714CF242134}"
EndProject
Project("{2150E333-8FDC-42A3-9474-1A3956D46DE8}") = "Infrastructure", "Infrastructure", "{055C1BB6-678D-4258-80AC-4816688B1AF6}"
EndProject
Project("{9A19103F-16F7-4668-BE54-9A1E7A4F7556}") = "Authentication", "Authentication\Authentication.csproj", "{F9C12789-CC5E-4A77-B686-7ABA033FE2C9}"
EndProject
Project("{9A19103F-16F7-4668-BE54-9A1E7A4F7556}") = "AuthenticationApi", "AuthenticationApi\AuthenticationApi.csproj", "{5B1E72B7-1E72-4DDD-9496-00C7DA2C29A2}"
EndProject
Project("{9A19103F-16F7-4668-BE54-9A1E7A4F7556}") = "Shared", "Shared\Shared.csproj", "{EE43F286-EF99-4331-BB28-EA0E85053F0D}"
EndProject
Project("{E53339B2-1760-4266-BCC7-CA923CBCF16C}") = "docker-compose", "docker-compose.dcproj", "{8EAB7DC0-86B8-457A-B1A3-C62559D3DF19}"
EndProject
Project("{2150E333-8FDC-42A3-9474-1A3956D46DE8}") = "ApiGateway", "ApiGateway", "{69154AD3-EEF4-4521-A794-CCD368681851}"
EndProject
Project("{9A19103F-16F7-4668-BE54-9A1E7A4F7556}") = "ApiGateway", "ApiGateway\ApiGateway.csproj", "{BF11E821-30F9-4A09-978F-E19B14DC81DD}"
EndProject
Project("{9A19103F-16F7-4668-BE54-9A1E7A4F7556}") = "ServerSlotApi", "ServerSlotApi\ServerSlotApi.csproj", "{C726CB4F-16EC-4ACF-847C-797A81441858}"
EndProject
Project("{9A19103F-16F7-4668-BE54-9A1E7A4F7556}") = "MessageBus", "MessageBus\MessageBus.csproj", "{7057027A-7F96-4EFA-A86E-C8B4FA56E0E6}"
EndProject
Project("{9A19103F-16F7-4668-BE54-9A1E7A4F7556}") = "AnalyzerApi", "AnalyzerApi\AnalyzerApi.csproj", "{FBB592FC-661A-488B-B704-DD131AF03FB8}"
EndProject
Project("{2150E333-8FDC-42A3-9474-1A3956D46DE8}") = "UnitTests", "UnitTests", "{0282EC42-88AA-4C4E-BCA8-6083EE7CEA7C}"
EndProject
Project("{9A19103F-16F7-4668-BE54-9A1E7A4F7556}") = "AuthenticationApiTests", "..\..\test\ServerPulse.UnitTests\ServerPulse.UnitTests.Backend\AuthenticationApiTests\AuthenticationApiTests.csproj", "{20611CAC-6A58-434E-8423-E4789BB9F9A3}"
EndProject
Project("{9A19103F-16F7-4668-BE54-9A1E7A4F7556}") = "AuthenticationTests", "..\..\test\ServerPulse.UnitTests\ServerPulse.UnitTests.Backend\AuthenticationTests\AuthenticationTests.csproj", "{559A296D-A3D3-42EB-9935-33C565963848}"
EndProject
Project("{9A19103F-16F7-4668-BE54-9A1E7A4F7556}") = "MessageBusTests", "..\..\test\ServerPulse.UnitTests\ServerPulse.UnitTests.Backend\MessageBusTests\MessageBusTests.csproj", "{7EEE185C-CFBE-4BCF-AF9F-AB5019CA8937}"
EndProject
Project("{9A19103F-16F7-4668-BE54-9A1E7A4F7556}") = "ServerSlotApiTests", "..\..\test\ServerPulse.UnitTests\ServerPulse.UnitTests.Backend\ServerSlotApiTests\ServerSlotApiTests.csproj", "{3387D158-F61A-45F9-AB35-C4DB475B07FD}"
EndProject
Project("{9A19103F-16F7-4668-BE54-9A1E7A4F7556}") = "SharedTests", "..\..\test\ServerPulse.UnitTests\ServerPulse.UnitTests.Backend\SharedTests\SharedTests.csproj", "{59767FB9-1264-412F-884D-E28B3DB68A08}"
EndProject
Project("{9A19103F-16F7-4668-BE54-9A1E7A4F7556}") = "ServerPulse.EventCommunication", "..\ServerPulse.EventCommunication\ServerPulse.EventCommunication.csproj", "{69E4A46D-EDA4-413A-847B-5E17A204D290}"
EndProject
Project("{9A19103F-16F7-4668-BE54-9A1E7A4F7556}") = "AnalyzerApiTests", "..\..\test\ServerPulse.UnitTests\ServerPulse.UnitTests.Backend\AnalyzerApiTests\AnalyzerApiTests.csproj", "{87C3A9EC-E80D-4552-AE8E-F5F05E84A49D}"
EndProject
Project("{9A19103F-16F7-4668-BE54-9A1E7A4F7556}") = "ServerMonitorApi", "ServerMonitorApi\ServerMonitorApi.csproj", "{9E7B6CC3-15F3-4FDF-AA0E-7831FF9380C2}"
EndProject
Project("{9A19103F-16F7-4668-BE54-9A1E7A4F7556}") = "ServerMonitorApiTests", "..\..\test\ServerPulse.UnitTests\ServerPulse.UnitTests.Backend\ServerMonitorApiTests\ServerMonitorApiTests.csproj", "{92E98BA9-EC6E-45B1-A243-ABA984203837}"
EndProject
Project("{9A19103F-16F7-4668-BE54-9A1E7A4F7556}") = "CacheUtils", "CacheUtils\CacheUtils.csproj", "{F9974878-07FB-441F-9E28-335ECE2C7119}"
EndProject
Project("{9A19103F-16F7-4668-BE54-9A1E7A4F7556}") = "CacheUtilsTests", "..\..\test\ServerPulse.UnitTests\ServerPulse.UnitTests.Backend\CacheUtilsTests\CacheUtilsTests.csproj", "{1EB1E6EC-5634-4E54-B2A0-E8F720E7BBE5}"
EndProject
Project("{9A19103F-16F7-4668-BE54-9A1E7A4F7556}") = "ApiGatewayTests", "..\..\test\ServerPulse.UnitTests\ServerPulse.UnitTests.Backend\ApiGatewayTests\ApiGatewayTests.csproj", "{50AECF3B-2D35-4CED-8100-E8F1F2B446D5}"
EndProject
Project("{2150E333-8FDC-42A3-9474-1A3956D46DE8}") = "IntegrationTests", "IntegrationTests", "{0982AF25-AABE-4CED-8E03-280C1CCCFE84}"
EndProject
Project("{2150E333-8FDC-42A3-9474-1A3956D46DE8}") = "Tests", "Tests", "{79A11979-3949-4968-8C5F-A774070FC455}"
EndProject
Project("{9A19103F-16F7-4668-BE54-9A1E7A4F7556}") = "ServerSlotApi.IntegrationTests", "..\..\test\ServerPulse.IntegrationTests\ServerSlotApi.IntegrationTests\ServerSlotApi.IntegrationTests.csproj", "{88F5C66D-6546-4BEC-A201-BA6F8091D279}"
EndProject
Project("{9A19103F-16F7-4668-BE54-9A1E7A4F7556}") = "AuthenticationApi.IntegrationTests", "..\..\test\ServerPulse.IntegrationTests\AuthenticationApi.IntegrationTests\AuthenticationApi.IntegrationTests.csproj", "{30B31965-A471-455B-B6B7-2794D7CBAC48}"
EndProject
Project("{9A19103F-16F7-4668-BE54-9A1E7A4F7556}") = "ServerMonitorApi.IntegrationTests", "..\..\test\ServerPulse.IntegrationTests\ServerMonitorApi.IntegrationTests\ServerMonitorApi.IntegrationTests.csproj", "{E6742FC0-D85B-4090-8126-0731AB3D2F5A}"
EndProject
Project("{9A19103F-16F7-4668-BE54-9A1E7A4F7556}") = "AnalyzerApi.IntegrationTests", "..\..\test\ServerPulse.IntegrationTests\AnalyzerApi.IntegrationTests\AnalyzerApi.IntegrationTests.csproj", "{4F9F16B0-D021-4DE9-A981-21A30606FE99}"
EndProject
Project("{9A19103F-16F7-4668-BE54-9A1E7A4F7556}") = "Logging", "Logging\Logging.csproj", "{44AC899C-5577-4DA2-85A9-ABE2860E5A4A}"
EndProject
Project("{9A19103F-16F7-4668-BE54-9A1E7A4F7556}") = "Resilience", "Resilience\Resilience.csproj", "{86666036-7C2F-4078-8A78-C6CD43886899}"
EndProject
Project("{9A19103F-16F7-4668-BE54-9A1E7A4F7556}") = "ExceptionHandling", "ExceptionHandling\ExceptionHandling.csproj", "{9A490C1A-1B64-40E9-B337-E7AFEFC0DAE3}"
EndProject
Project("{9A19103F-16F7-4668-BE54-9A1E7A4F7556}") = "DatabaseControl", "DatabaseControl\DatabaseControl.csproj", "{C52AC13E-471C-4F3F-93CA-ACDBE4F4F6A2}"
EndProject
Project("{FAE04EC0-301F-11D3-BF4B-00C04F79EFBC}") = "AuthenticationApi.Infrastructure", "AuthenticationApi.Infrastructure\AuthenticationApi.Infrastructure.csproj", "{CD88BBB6-5C00-4BED-A2BC-CBBF07141CDF}"
EndProject
Project("{FAE04EC0-301F-11D3-BF4B-00C04F79EFBC}") = "AuthenticationApi.Dtos", "AuthenticationApi.Dtos\AuthenticationApi.Dtos.csproj", "{2FD92622-48B3-485E-AB61-56A12340238E}"
EndProject
Project("{2150E333-8FDC-42A3-9474-1A3956D46DE8}") = "AuthenticationApi", "AuthenticationApi", "{486984DC-19B6-437D-80BF-0BCA6F3921B8}"
EndProject
Project("{FAE04EC0-301F-11D3-BF4B-00C04F79EFBC}") = "AuthenticationApi.InfrastructureTests", "..\..\test\ServerPulse.UnitTests\ServerPulse.UnitTests.Backend\AuthenticationApi.InfrastructureTests\AuthenticationApi.InfrastructureTests.csproj", "{62BFC0CF-53C1-4D86-8B26-F8F32662223E}"
EndProject
Project("{FAE04EC0-301F-11D3-BF4B-00C04F79EFBC}") = "DatabaseControlTests", "..\..\test\ServerPulse.UnitTests\ServerPulse.UnitTests.Backend\DatabaseControlTests\DatabaseControlTests.csproj", "{41736124-6796-4E2D-924C-58CBCEF9C2B7}"
EndProject
Project("{FAE04EC0-301F-11D3-BF4B-00C04F79EFBC}") = "ExceptionHandlingTests", "..\..\test\ServerPulse.UnitTests\ServerPulse.UnitTests.Backend\ExceptionHandlingTests\ExceptionHandlingTests.csproj", "{A26EDBA4-F605-4735-885E-F8630EE43A37}"
EndProject
Project("{2150E333-8FDC-42A3-9474-1A3956D46DE8}") = "ServerSlotApi", "ServerSlotApi", "{4D3C3B4C-1A2E-4D04-A0BC-B593A253E0D7}"
EndProject
Project("{FAE04EC0-301F-11D3-BF4B-00C04F79EFBC}") = "ServerSlotApi.Dtos", "ServerSlotApi.Dtos\ServerSlotApi.Dtos.csproj", "{2DC85E38-6837-4BA4-ACE7-5421FE80C792}"
EndProject
Project("{FAE04EC0-301F-11D3-BF4B-00C04F79EFBC}") = "ServerSlotApi.Infrastructure", "ServerSlotApi.Infrastructure\ServerSlotApi.Infrastructure.csproj", "{D789E596-F8D5-4C57-B210-07FCE3F8202C}"
EndProject
Project("{FAE04EC0-301F-11D3-BF4B-00C04F79EFBC}") = "ServerSlotApi.InfrastructureTests", "..\..\test\ServerPulse.UnitTests\ServerPulse.UnitTests.Backend\ServerSlotApi.InfrastructureTests\ServerSlotApi.InfrastructureTests.csproj", "{27580BDD-F736-42CC-84A3-82A46CC4C102}"
EndProject
Global
	GlobalSection(SolutionConfigurationPlatforms) = preSolution
		Debug|Any CPU = Debug|Any CPU
		Release|Any CPU = Release|Any CPU
	EndGlobalSection
	GlobalSection(ProjectConfigurationPlatforms) = postSolution
		{F9C12789-CC5E-4A77-B686-7ABA033FE2C9}.Debug|Any CPU.ActiveCfg = Debug|Any CPU
		{F9C12789-CC5E-4A77-B686-7ABA033FE2C9}.Debug|Any CPU.Build.0 = Debug|Any CPU
		{F9C12789-CC5E-4A77-B686-7ABA033FE2C9}.Release|Any CPU.ActiveCfg = Release|Any CPU
		{F9C12789-CC5E-4A77-B686-7ABA033FE2C9}.Release|Any CPU.Build.0 = Release|Any CPU
		{5B1E72B7-1E72-4DDD-9496-00C7DA2C29A2}.Debug|Any CPU.ActiveCfg = Debug|Any CPU
		{5B1E72B7-1E72-4DDD-9496-00C7DA2C29A2}.Debug|Any CPU.Build.0 = Debug|Any CPU
		{5B1E72B7-1E72-4DDD-9496-00C7DA2C29A2}.Release|Any CPU.ActiveCfg = Release|Any CPU
		{5B1E72B7-1E72-4DDD-9496-00C7DA2C29A2}.Release|Any CPU.Build.0 = Release|Any CPU
		{EE43F286-EF99-4331-BB28-EA0E85053F0D}.Debug|Any CPU.ActiveCfg = Debug|Any CPU
		{EE43F286-EF99-4331-BB28-EA0E85053F0D}.Debug|Any CPU.Build.0 = Debug|Any CPU
		{EE43F286-EF99-4331-BB28-EA0E85053F0D}.Release|Any CPU.ActiveCfg = Release|Any CPU
		{EE43F286-EF99-4331-BB28-EA0E85053F0D}.Release|Any CPU.Build.0 = Release|Any CPU
		{8EAB7DC0-86B8-457A-B1A3-C62559D3DF19}.Debug|Any CPU.ActiveCfg = Debug|Any CPU
		{8EAB7DC0-86B8-457A-B1A3-C62559D3DF19}.Debug|Any CPU.Build.0 = Debug|Any CPU
		{8EAB7DC0-86B8-457A-B1A3-C62559D3DF19}.Release|Any CPU.ActiveCfg = Debug|Any CPU
		{BF11E821-30F9-4A09-978F-E19B14DC81DD}.Debug|Any CPU.ActiveCfg = Debug|Any CPU
		{BF11E821-30F9-4A09-978F-E19B14DC81DD}.Debug|Any CPU.Build.0 = Debug|Any CPU
		{BF11E821-30F9-4A09-978F-E19B14DC81DD}.Release|Any CPU.ActiveCfg = Release|Any CPU
		{BF11E821-30F9-4A09-978F-E19B14DC81DD}.Release|Any CPU.Build.0 = Release|Any CPU
		{C726CB4F-16EC-4ACF-847C-797A81441858}.Debug|Any CPU.ActiveCfg = Debug|Any CPU
		{C726CB4F-16EC-4ACF-847C-797A81441858}.Debug|Any CPU.Build.0 = Debug|Any CPU
		{C726CB4F-16EC-4ACF-847C-797A81441858}.Release|Any CPU.ActiveCfg = Release|Any CPU
		{C726CB4F-16EC-4ACF-847C-797A81441858}.Release|Any CPU.Build.0 = Release|Any CPU
		{7057027A-7F96-4EFA-A86E-C8B4FA56E0E6}.Debug|Any CPU.ActiveCfg = Debug|Any CPU
		{7057027A-7F96-4EFA-A86E-C8B4FA56E0E6}.Debug|Any CPU.Build.0 = Debug|Any CPU
		{7057027A-7F96-4EFA-A86E-C8B4FA56E0E6}.Release|Any CPU.ActiveCfg = Release|Any CPU
		{7057027A-7F96-4EFA-A86E-C8B4FA56E0E6}.Release|Any CPU.Build.0 = Release|Any CPU
		{FBB592FC-661A-488B-B704-DD131AF03FB8}.Debug|Any CPU.ActiveCfg = Debug|Any CPU
		{FBB592FC-661A-488B-B704-DD131AF03FB8}.Debug|Any CPU.Build.0 = Debug|Any CPU
		{FBB592FC-661A-488B-B704-DD131AF03FB8}.Release|Any CPU.ActiveCfg = Release|Any CPU
		{FBB592FC-661A-488B-B704-DD131AF03FB8}.Release|Any CPU.Build.0 = Release|Any CPU
		{20611CAC-6A58-434E-8423-E4789BB9F9A3}.Debug|Any CPU.ActiveCfg = Debug|Any CPU
		{20611CAC-6A58-434E-8423-E4789BB9F9A3}.Debug|Any CPU.Build.0 = Debug|Any CPU
		{20611CAC-6A58-434E-8423-E4789BB9F9A3}.Release|Any CPU.ActiveCfg = Release|Any CPU
		{20611CAC-6A58-434E-8423-E4789BB9F9A3}.Release|Any CPU.Build.0 = Release|Any CPU
		{559A296D-A3D3-42EB-9935-33C565963848}.Debug|Any CPU.ActiveCfg = Debug|Any CPU
		{559A296D-A3D3-42EB-9935-33C565963848}.Debug|Any CPU.Build.0 = Debug|Any CPU
		{559A296D-A3D3-42EB-9935-33C565963848}.Release|Any CPU.ActiveCfg = Release|Any CPU
		{559A296D-A3D3-42EB-9935-33C565963848}.Release|Any CPU.Build.0 = Release|Any CPU
		{7EEE185C-CFBE-4BCF-AF9F-AB5019CA8937}.Debug|Any CPU.ActiveCfg = Debug|Any CPU
		{7EEE185C-CFBE-4BCF-AF9F-AB5019CA8937}.Debug|Any CPU.Build.0 = Debug|Any CPU
		{7EEE185C-CFBE-4BCF-AF9F-AB5019CA8937}.Release|Any CPU.ActiveCfg = Release|Any CPU
		{7EEE185C-CFBE-4BCF-AF9F-AB5019CA8937}.Release|Any CPU.Build.0 = Release|Any CPU
		{3387D158-F61A-45F9-AB35-C4DB475B07FD}.Debug|Any CPU.ActiveCfg = Debug|Any CPU
		{3387D158-F61A-45F9-AB35-C4DB475B07FD}.Debug|Any CPU.Build.0 = Debug|Any CPU
		{3387D158-F61A-45F9-AB35-C4DB475B07FD}.Release|Any CPU.ActiveCfg = Release|Any CPU
		{3387D158-F61A-45F9-AB35-C4DB475B07FD}.Release|Any CPU.Build.0 = Release|Any CPU
		{59767FB9-1264-412F-884D-E28B3DB68A08}.Debug|Any CPU.ActiveCfg = Debug|Any CPU
		{59767FB9-1264-412F-884D-E28B3DB68A08}.Debug|Any CPU.Build.0 = Debug|Any CPU
		{59767FB9-1264-412F-884D-E28B3DB68A08}.Release|Any CPU.ActiveCfg = Release|Any CPU
		{59767FB9-1264-412F-884D-E28B3DB68A08}.Release|Any CPU.Build.0 = Release|Any CPU
		{69E4A46D-EDA4-413A-847B-5E17A204D290}.Debug|Any CPU.ActiveCfg = Debug|Any CPU
		{69E4A46D-EDA4-413A-847B-5E17A204D290}.Debug|Any CPU.Build.0 = Debug|Any CPU
		{69E4A46D-EDA4-413A-847B-5E17A204D290}.Release|Any CPU.ActiveCfg = Release|Any CPU
		{69E4A46D-EDA4-413A-847B-5E17A204D290}.Release|Any CPU.Build.0 = Release|Any CPU
		{87C3A9EC-E80D-4552-AE8E-F5F05E84A49D}.Debug|Any CPU.ActiveCfg = Debug|Any CPU
		{87C3A9EC-E80D-4552-AE8E-F5F05E84A49D}.Debug|Any CPU.Build.0 = Debug|Any CPU
		{87C3A9EC-E80D-4552-AE8E-F5F05E84A49D}.Release|Any CPU.ActiveCfg = Release|Any CPU
		{87C3A9EC-E80D-4552-AE8E-F5F05E84A49D}.Release|Any CPU.Build.0 = Release|Any CPU
		{9E7B6CC3-15F3-4FDF-AA0E-7831FF9380C2}.Debug|Any CPU.ActiveCfg = Debug|Any CPU
		{9E7B6CC3-15F3-4FDF-AA0E-7831FF9380C2}.Debug|Any CPU.Build.0 = Debug|Any CPU
		{9E7B6CC3-15F3-4FDF-AA0E-7831FF9380C2}.Release|Any CPU.ActiveCfg = Release|Any CPU
		{9E7B6CC3-15F3-4FDF-AA0E-7831FF9380C2}.Release|Any CPU.Build.0 = Release|Any CPU
		{92E98BA9-EC6E-45B1-A243-ABA984203837}.Debug|Any CPU.ActiveCfg = Debug|Any CPU
		{92E98BA9-EC6E-45B1-A243-ABA984203837}.Debug|Any CPU.Build.0 = Debug|Any CPU
		{92E98BA9-EC6E-45B1-A243-ABA984203837}.Release|Any CPU.ActiveCfg = Release|Any CPU
		{92E98BA9-EC6E-45B1-A243-ABA984203837}.Release|Any CPU.Build.0 = Release|Any CPU
		{F9974878-07FB-441F-9E28-335ECE2C7119}.Debug|Any CPU.ActiveCfg = Debug|Any CPU
		{F9974878-07FB-441F-9E28-335ECE2C7119}.Debug|Any CPU.Build.0 = Debug|Any CPU
		{F9974878-07FB-441F-9E28-335ECE2C7119}.Release|Any CPU.ActiveCfg = Release|Any CPU
		{F9974878-07FB-441F-9E28-335ECE2C7119}.Release|Any CPU.Build.0 = Release|Any CPU
		{1EB1E6EC-5634-4E54-B2A0-E8F720E7BBE5}.Debug|Any CPU.ActiveCfg = Debug|Any CPU
		{1EB1E6EC-5634-4E54-B2A0-E8F720E7BBE5}.Debug|Any CPU.Build.0 = Debug|Any CPU
		{1EB1E6EC-5634-4E54-B2A0-E8F720E7BBE5}.Release|Any CPU.ActiveCfg = Release|Any CPU
		{1EB1E6EC-5634-4E54-B2A0-E8F720E7BBE5}.Release|Any CPU.Build.0 = Release|Any CPU
		{50AECF3B-2D35-4CED-8100-E8F1F2B446D5}.Debug|Any CPU.ActiveCfg = Debug|Any CPU
		{50AECF3B-2D35-4CED-8100-E8F1F2B446D5}.Debug|Any CPU.Build.0 = Debug|Any CPU
		{50AECF3B-2D35-4CED-8100-E8F1F2B446D5}.Release|Any CPU.ActiveCfg = Release|Any CPU
		{50AECF3B-2D35-4CED-8100-E8F1F2B446D5}.Release|Any CPU.Build.0 = Release|Any CPU
		{88F5C66D-6546-4BEC-A201-BA6F8091D279}.Debug|Any CPU.ActiveCfg = Debug|Any CPU
		{88F5C66D-6546-4BEC-A201-BA6F8091D279}.Debug|Any CPU.Build.0 = Debug|Any CPU
		{88F5C66D-6546-4BEC-A201-BA6F8091D279}.Release|Any CPU.ActiveCfg = Release|Any CPU
		{88F5C66D-6546-4BEC-A201-BA6F8091D279}.Release|Any CPU.Build.0 = Release|Any CPU
		{30B31965-A471-455B-B6B7-2794D7CBAC48}.Debug|Any CPU.ActiveCfg = Debug|Any CPU
		{30B31965-A471-455B-B6B7-2794D7CBAC48}.Debug|Any CPU.Build.0 = Debug|Any CPU
		{30B31965-A471-455B-B6B7-2794D7CBAC48}.Release|Any CPU.ActiveCfg = Release|Any CPU
		{30B31965-A471-455B-B6B7-2794D7CBAC48}.Release|Any CPU.Build.0 = Release|Any CPU
		{E6742FC0-D85B-4090-8126-0731AB3D2F5A}.Debug|Any CPU.ActiveCfg = Debug|Any CPU
		{E6742FC0-D85B-4090-8126-0731AB3D2F5A}.Debug|Any CPU.Build.0 = Debug|Any CPU
		{E6742FC0-D85B-4090-8126-0731AB3D2F5A}.Release|Any CPU.ActiveCfg = Release|Any CPU
		{E6742FC0-D85B-4090-8126-0731AB3D2F5A}.Release|Any CPU.Build.0 = Release|Any CPU
		{4F9F16B0-D021-4DE9-A981-21A30606FE99}.Debug|Any CPU.ActiveCfg = Debug|Any CPU
		{4F9F16B0-D021-4DE9-A981-21A30606FE99}.Debug|Any CPU.Build.0 = Debug|Any CPU
		{4F9F16B0-D021-4DE9-A981-21A30606FE99}.Release|Any CPU.ActiveCfg = Release|Any CPU
		{4F9F16B0-D021-4DE9-A981-21A30606FE99}.Release|Any CPU.Build.0 = Release|Any CPU
		{44AC899C-5577-4DA2-85A9-ABE2860E5A4A}.Debug|Any CPU.ActiveCfg = Debug|Any CPU
		{44AC899C-5577-4DA2-85A9-ABE2860E5A4A}.Debug|Any CPU.Build.0 = Debug|Any CPU
		{44AC899C-5577-4DA2-85A9-ABE2860E5A4A}.Release|Any CPU.ActiveCfg = Release|Any CPU
		{44AC899C-5577-4DA2-85A9-ABE2860E5A4A}.Release|Any CPU.Build.0 = Release|Any CPU
		{86666036-7C2F-4078-8A78-C6CD43886899}.Debug|Any CPU.ActiveCfg = Debug|Any CPU
		{86666036-7C2F-4078-8A78-C6CD43886899}.Debug|Any CPU.Build.0 = Debug|Any CPU
		{86666036-7C2F-4078-8A78-C6CD43886899}.Release|Any CPU.ActiveCfg = Release|Any CPU
		{86666036-7C2F-4078-8A78-C6CD43886899}.Release|Any CPU.Build.0 = Release|Any CPU
		{9A490C1A-1B64-40E9-B337-E7AFEFC0DAE3}.Debug|Any CPU.ActiveCfg = Debug|Any CPU
		{9A490C1A-1B64-40E9-B337-E7AFEFC0DAE3}.Debug|Any CPU.Build.0 = Debug|Any CPU
		{9A490C1A-1B64-40E9-B337-E7AFEFC0DAE3}.Release|Any CPU.ActiveCfg = Release|Any CPU
		{9A490C1A-1B64-40E9-B337-E7AFEFC0DAE3}.Release|Any CPU.Build.0 = Release|Any CPU
		{C52AC13E-471C-4F3F-93CA-ACDBE4F4F6A2}.Debug|Any CPU.ActiveCfg = Debug|Any CPU
		{C52AC13E-471C-4F3F-93CA-ACDBE4F4F6A2}.Debug|Any CPU.Build.0 = Debug|Any CPU
		{C52AC13E-471C-4F3F-93CA-ACDBE4F4F6A2}.Release|Any CPU.ActiveCfg = Release|Any CPU
		{C52AC13E-471C-4F3F-93CA-ACDBE4F4F6A2}.Release|Any CPU.Build.0 = Release|Any CPU
		{CD88BBB6-5C00-4BED-A2BC-CBBF07141CDF}.Debug|Any CPU.ActiveCfg = Debug|Any CPU
		{CD88BBB6-5C00-4BED-A2BC-CBBF07141CDF}.Debug|Any CPU.Build.0 = Debug|Any CPU
		{CD88BBB6-5C00-4BED-A2BC-CBBF07141CDF}.Release|Any CPU.ActiveCfg = Release|Any CPU
		{CD88BBB6-5C00-4BED-A2BC-CBBF07141CDF}.Release|Any CPU.Build.0 = Release|Any CPU
		{2FD92622-48B3-485E-AB61-56A12340238E}.Debug|Any CPU.ActiveCfg = Debug|Any CPU
		{2FD92622-48B3-485E-AB61-56A12340238E}.Debug|Any CPU.Build.0 = Debug|Any CPU
		{2FD92622-48B3-485E-AB61-56A12340238E}.Release|Any CPU.ActiveCfg = Release|Any CPU
		{2FD92622-48B3-485E-AB61-56A12340238E}.Release|Any CPU.Build.0 = Release|Any CPU
		{62BFC0CF-53C1-4D86-8B26-F8F32662223E}.Debug|Any CPU.ActiveCfg = Debug|Any CPU
		{62BFC0CF-53C1-4D86-8B26-F8F32662223E}.Debug|Any CPU.Build.0 = Debug|Any CPU
		{62BFC0CF-53C1-4D86-8B26-F8F32662223E}.Release|Any CPU.ActiveCfg = Release|Any CPU
		{62BFC0CF-53C1-4D86-8B26-F8F32662223E}.Release|Any CPU.Build.0 = Release|Any CPU
		{41736124-6796-4E2D-924C-58CBCEF9C2B7}.Debug|Any CPU.ActiveCfg = Debug|Any CPU
		{41736124-6796-4E2D-924C-58CBCEF9C2B7}.Debug|Any CPU.Build.0 = Debug|Any CPU
		{41736124-6796-4E2D-924C-58CBCEF9C2B7}.Release|Any CPU.ActiveCfg = Release|Any CPU
		{41736124-6796-4E2D-924C-58CBCEF9C2B7}.Release|Any CPU.Build.0 = Release|Any CPU
		{A26EDBA4-F605-4735-885E-F8630EE43A37}.Debug|Any CPU.ActiveCfg = Debug|Any CPU
		{A26EDBA4-F605-4735-885E-F8630EE43A37}.Debug|Any CPU.Build.0 = Debug|Any CPU
		{A26EDBA4-F605-4735-885E-F8630EE43A37}.Release|Any CPU.ActiveCfg = Release|Any CPU
		{A26EDBA4-F605-4735-885E-F8630EE43A37}.Release|Any CPU.Build.0 = Release|Any CPU
		{2DC85E38-6837-4BA4-ACE7-5421FE80C792}.Debug|Any CPU.ActiveCfg = Debug|Any CPU
		{2DC85E38-6837-4BA4-ACE7-5421FE80C792}.Debug|Any CPU.Build.0 = Debug|Any CPU
		{2DC85E38-6837-4BA4-ACE7-5421FE80C792}.Release|Any CPU.ActiveCfg = Release|Any CPU
		{2DC85E38-6837-4BA4-ACE7-5421FE80C792}.Release|Any CPU.Build.0 = Release|Any CPU
		{D789E596-F8D5-4C57-B210-07FCE3F8202C}.Debug|Any CPU.ActiveCfg = Debug|Any CPU
		{D789E596-F8D5-4C57-B210-07FCE3F8202C}.Debug|Any CPU.Build.0 = Debug|Any CPU
		{D789E596-F8D5-4C57-B210-07FCE3F8202C}.Release|Any CPU.ActiveCfg = Release|Any CPU
		{D789E596-F8D5-4C57-B210-07FCE3F8202C}.Release|Any CPU.Build.0 = Release|Any CPU
		{27580BDD-F736-42CC-84A3-82A46CC4C102}.Debug|Any CPU.ActiveCfg = Debug|Any CPU
		{27580BDD-F736-42CC-84A3-82A46CC4C102}.Debug|Any CPU.Build.0 = Debug|Any CPU
		{27580BDD-F736-42CC-84A3-82A46CC4C102}.Release|Any CPU.ActiveCfg = Release|Any CPU
		{27580BDD-F736-42CC-84A3-82A46CC4C102}.Release|Any CPU.Build.0 = Release|Any CPU
	EndGlobalSection
	GlobalSection(SolutionProperties) = preSolution
		HideSolutionNode = FALSE
	EndGlobalSection
	GlobalSection(NestedProjects) = preSolution
		{F9C12789-CC5E-4A77-B686-7ABA033FE2C9} = {055C1BB6-678D-4258-80AC-4816688B1AF6}
		{5B1E72B7-1E72-4DDD-9496-00C7DA2C29A2} = {C260E3F5-9C36-4648-99F6-6714CF242134}
		{EE43F286-EF99-4331-BB28-EA0E85053F0D} = {055C1BB6-678D-4258-80AC-4816688B1AF6}
		{BF11E821-30F9-4A09-978F-E19B14DC81DD} = {69154AD3-EEF4-4521-A794-CCD368681851}
		{C726CB4F-16EC-4ACF-847C-797A81441858} = {C260E3F5-9C36-4648-99F6-6714CF242134}
		{7057027A-7F96-4EFA-A86E-C8B4FA56E0E6} = {055C1BB6-678D-4258-80AC-4816688B1AF6}
		{FBB592FC-661A-488B-B704-DD131AF03FB8} = {C260E3F5-9C36-4648-99F6-6714CF242134}
		{0282EC42-88AA-4C4E-BCA8-6083EE7CEA7C} = {79A11979-3949-4968-8C5F-A774070FC455}
		{20611CAC-6A58-434E-8423-E4789BB9F9A3} = {0282EC42-88AA-4C4E-BCA8-6083EE7CEA7C}
		{559A296D-A3D3-42EB-9935-33C565963848} = {0282EC42-88AA-4C4E-BCA8-6083EE7CEA7C}
		{7EEE185C-CFBE-4BCF-AF9F-AB5019CA8937} = {0282EC42-88AA-4C4E-BCA8-6083EE7CEA7C}
		{3387D158-F61A-45F9-AB35-C4DB475B07FD} = {0282EC42-88AA-4C4E-BCA8-6083EE7CEA7C}
		{59767FB9-1264-412F-884D-E28B3DB68A08} = {0282EC42-88AA-4C4E-BCA8-6083EE7CEA7C}
		{69E4A46D-EDA4-413A-847B-5E17A204D290} = {055C1BB6-678D-4258-80AC-4816688B1AF6}
		{87C3A9EC-E80D-4552-AE8E-F5F05E84A49D} = {0282EC42-88AA-4C4E-BCA8-6083EE7CEA7C}
		{9E7B6CC3-15F3-4FDF-AA0E-7831FF9380C2} = {C260E3F5-9C36-4648-99F6-6714CF242134}
		{92E98BA9-EC6E-45B1-A243-ABA984203837} = {0282EC42-88AA-4C4E-BCA8-6083EE7CEA7C}
		{F9974878-07FB-441F-9E28-335ECE2C7119} = {055C1BB6-678D-4258-80AC-4816688B1AF6}
		{1EB1E6EC-5634-4E54-B2A0-E8F720E7BBE5} = {0282EC42-88AA-4C4E-BCA8-6083EE7CEA7C}
		{50AECF3B-2D35-4CED-8100-E8F1F2B446D5} = {0282EC42-88AA-4C4E-BCA8-6083EE7CEA7C}
		{0982AF25-AABE-4CED-8E03-280C1CCCFE84} = {79A11979-3949-4968-8C5F-A774070FC455}
		{88F5C66D-6546-4BEC-A201-BA6F8091D279} = {0982AF25-AABE-4CED-8E03-280C1CCCFE84}
		{30B31965-A471-455B-B6B7-2794D7CBAC48} = {0982AF25-AABE-4CED-8E03-280C1CCCFE84}
		{E6742FC0-D85B-4090-8126-0731AB3D2F5A} = {0982AF25-AABE-4CED-8E03-280C1CCCFE84}
		{4F9F16B0-D021-4DE9-A981-21A30606FE99} = {0982AF25-AABE-4CED-8E03-280C1CCCFE84}
		{44AC899C-5577-4DA2-85A9-ABE2860E5A4A} = {055C1BB6-678D-4258-80AC-4816688B1AF6}
		{86666036-7C2F-4078-8A78-C6CD43886899} = {055C1BB6-678D-4258-80AC-4816688B1AF6}
		{9A490C1A-1B64-40E9-B337-E7AFEFC0DAE3} = {055C1BB6-678D-4258-80AC-4816688B1AF6}
		{C52AC13E-471C-4F3F-93CA-ACDBE4F4F6A2} = {055C1BB6-678D-4258-80AC-4816688B1AF6}
		{CD88BBB6-5C00-4BED-A2BC-CBBF07141CDF} = {486984DC-19B6-437D-80BF-0BCA6F3921B8}
		{2FD92622-48B3-485E-AB61-56A12340238E} = {486984DC-19B6-437D-80BF-0BCA6F3921B8}
		{486984DC-19B6-437D-80BF-0BCA6F3921B8} = {055C1BB6-678D-4258-80AC-4816688B1AF6}
		{62BFC0CF-53C1-4D86-8B26-F8F32662223E} = {0282EC42-88AA-4C4E-BCA8-6083EE7CEA7C}
		{41736124-6796-4E2D-924C-58CBCEF9C2B7} = {0282EC42-88AA-4C4E-BCA8-6083EE7CEA7C}
		{A26EDBA4-F605-4735-885E-F8630EE43A37} = {0282EC42-88AA-4C4E-BCA8-6083EE7CEA7C}
		{4D3C3B4C-1A2E-4D04-A0BC-B593A253E0D7} = {055C1BB6-678D-4258-80AC-4816688B1AF6}
		{2DC85E38-6837-4BA4-ACE7-5421FE80C792} = {4D3C3B4C-1A2E-4D04-A0BC-B593A253E0D7}
		{D789E596-F8D5-4C57-B210-07FCE3F8202C} = {4D3C3B4C-1A2E-4D04-A0BC-B593A253E0D7}
		{27580BDD-F736-42CC-84A3-82A46CC4C102} = {0282EC42-88AA-4C4E-BCA8-6083EE7CEA7C}
	EndGlobalSection
	GlobalSection(ExtensibilityGlobals) = postSolution
		SolutionGuid = {89B7B374-29A5-4E5B-A21F-6FC2B0DE9918}
	EndGlobalSection
EndGlobal
