
Microsoft Visual Studio Solution File, Format Version 12.00
# Visual Studio Version 17
VisualStudioVersion = 17.10.34928.147
MinimumVisualStudioVersion = 10.0.40219.1
Project("{2150E333-8FDC-42A3-9474-1A3956D46DE8}") = "Microservices", "Microservices", "{C260E3F5-9C36-4648-99F6-6714CF242134}"
EndProject
Project("{2150E333-8FDC-42A3-9474-1A3956D46DE8}") = "Infrastructure", "Infrastructure", "{055C1BB6-678D-4258-80AC-4816688B1AF6}"
EndProject
Project("{9A19103F-16F7-4668-BE54-9A1E7A4F7556}") = "Authentication", "Authentication\Authentication.csproj", "{F9C12789-CC5E-4A77-B686-7ABA033FE2C9}"
EndProject
Project("{9A19103F-16F7-4668-BE54-9A1E7A4F7556}") = "AuthenticationApi", "AuthenticationApi\AuthenticationApi.csproj", "{5B1E72B7-1E72-4DDD-9496-00C7DA2C29A2}"
EndProject
Project("{9A19103F-16F7-4668-BE54-9A1E7A4F7556}") = "Shared", "Shared\Shared.csproj", "{EE43F286-EF99-4331-BB28-EA0E85053F0D}"
EndProject
Project("{E53339B2-1760-4266-BCC7-CA923CBCF16C}") = "docker-compose", "docker-compose.dcproj", "{8EAB7DC0-86B8-457A-B1A3-C62559D3DF19}"
EndProject
Project("{2150E333-8FDC-42A3-9474-1A3956D46DE8}") = "ApiGateway", "ApiGateway", "{69154AD3-EEF4-4521-A794-CCD368681851}"
EndProject
Project("{9A19103F-16F7-4668-BE54-9A1E7A4F7556}") = "ApiGateway", "ApiGateway\ApiGateway.csproj", "{BF11E821-30F9-4A09-978F-E19B14DC81DD}"
EndProject
Project("{9A19103F-16F7-4668-BE54-9A1E7A4F7556}") = "ServerSlotApi", "ServerSlotApi\ServerSlotApi.csproj", "{C726CB4F-16EC-4ACF-847C-797A81441858}"
EndProject
Project("{9A19103F-16F7-4668-BE54-9A1E7A4F7556}") = "MessageBus", "MessageBus\MessageBus.csproj", "{7057027A-7F96-4EFA-A86E-C8B4FA56E0E6}"
EndProject
Project("{9A19103F-16F7-4668-BE54-9A1E7A4F7556}") = "AnalyzerApi", "AnalyzerApi\AnalyzerApi.csproj", "{FBB592FC-661A-488B-B704-DD131AF03FB8}"
EndProject
Project("{2150E333-8FDC-42A3-9474-1A3956D46DE8}") = "UnitTests", "UnitTests", "{0282EC42-88AA-4C4E-BCA8-6083EE7CEA7C}"
EndProject
Project("{9A19103F-16F7-4668-BE54-9A1E7A4F7556}") = "ServerMonitorApi", "ServerMonitorApi\ServerMonitorApi.csproj", "{9E7B6CC3-15F3-4FDF-AA0E-7831FF9380C2}"
EndProject
Project("{2150E333-8FDC-42A3-9474-1A3956D46DE8}") = "IntegrationTests", "IntegrationTests", "{0982AF25-AABE-4CED-8E03-280C1CCCFE84}"
EndProject
Project("{2150E333-8FDC-42A3-9474-1A3956D46DE8}") = "Tests", "Tests", "{79A11979-3949-4968-8C5F-A774070FC455}"
EndProject
Project("{9A19103F-16F7-4668-BE54-9A1E7A4F7556}") = "ServerSlotApi.IntegrationTests", "..\..\test\ServerPulse.IntegrationTests\ServerSlotApi.IntegrationTests\ServerSlotApi.IntegrationTests.csproj", "{88F5C66D-6546-4BEC-A201-BA6F8091D279}"
EndProject
Project("{9A19103F-16F7-4668-BE54-9A1E7A4F7556}") = "AuthenticationApi.IntegrationTests", "..\..\test\ServerPulse.IntegrationTests\AuthenticationApi.IntegrationTests\AuthenticationApi.IntegrationTests.csproj", "{30B31965-A471-455B-B6B7-2794D7CBAC48}"
EndProject
Project("{9A19103F-16F7-4668-BE54-9A1E7A4F7556}") = "ServerMonitorApi.IntegrationTests", "..\..\test\ServerPulse.IntegrationTests\ServerMonitorApi.IntegrationTests\ServerMonitorApi.IntegrationTests.csproj", "{E6742FC0-D85B-4090-8126-0731AB3D2F5A}"
EndProject
Project("{9A19103F-16F7-4668-BE54-9A1E7A4F7556}") = "AnalyzerApi.IntegrationTests", "..\..\test\ServerPulse.IntegrationTests\AnalyzerApi.IntegrationTests\AnalyzerApi.IntegrationTests.csproj", "{4F9F16B0-D021-4DE9-A981-21A30606FE99}"
EndProject
Project("{9A19103F-16F7-4668-BE54-9A1E7A4F7556}") = "Logging", "Logging\Logging.csproj", "{44AC899C-5577-4DA2-85A9-ABE2860E5A4A}"
EndProject
Project("{9A19103F-16F7-4668-BE54-9A1E7A4F7556}") = "Resilience", "Resilience\Resilience.csproj", "{86666036-7C2F-4078-8A78-C6CD43886899}"
EndProject
Project("{9A19103F-16F7-4668-BE54-9A1E7A4F7556}") = "ExceptionHandling", "ExceptionHandling\ExceptionHandling.csproj", "{9A490C1A-1B64-40E9-B337-E7AFEFC0DAE3}"
EndProject
Project("{9A19103F-16F7-4668-BE54-9A1E7A4F7556}") = "DatabaseControl", "DatabaseControl\DatabaseControl.csproj", "{C52AC13E-471C-4F3F-93CA-ACDBE4F4F6A2}"
EndProject
Project("{9A19103F-16F7-4668-BE54-9A1E7A4F7556}") = "AuthenticationApi.Infrastructure", "AuthenticationApi.Infrastructure\AuthenticationApi.Infrastructure.csproj", "{CD88BBB6-5C00-4BED-A2BC-CBBF07141CDF}"
EndProject
Project("{9A19103F-16F7-4668-BE54-9A1E7A4F7556}") = "AuthenticationApi.Dtos", "AuthenticationApi.Dtos\AuthenticationApi.Dtos.csproj", "{2FD92622-48B3-485E-AB61-56A12340238E}"
EndProject
Project("{2150E333-8FDC-42A3-9474-1A3956D46DE8}") = "AuthenticationApi", "AuthenticationApi", "{486984DC-19B6-437D-80BF-0BCA6F3921B8}"
EndProject
Project("{2150E333-8FDC-42A3-9474-1A3956D46DE8}") = "ServerSlotApi", "ServerSlotApi", "{4D3C3B4C-1A2E-4D04-A0BC-B593A253E0D7}"
EndProject
Project("{9A19103F-16F7-4668-BE54-9A1E7A4F7556}") = "ServerSlotApi.Dtos", "ServerSlotApi.Dtos\ServerSlotApi.Dtos.csproj", "{2DC85E38-6837-4BA4-ACE7-5421FE80C792}"
EndProject
Project("{9A19103F-16F7-4668-BE54-9A1E7A4F7556}") = "ServerSlotApi.Infrastructure", "ServerSlotApi.Infrastructure\ServerSlotApi.Infrastructure.csproj", "{D789E596-F8D5-4C57-B210-07FCE3F8202C}"
EndProject
Project("{9A19103F-16F7-4668-BE54-9A1E7A4F7556}") = "Caching", "Caching\Caching.csproj", "{AE420A7C-70D2-4992-83AD-700229EF2858}"
EndProject
Project("{2150E333-8FDC-42A3-9474-1A3956D46DE8}") = "AnalyzerApi", "AnalyzerApi", "{283B5A93-E98A-4C50-A644-8EB7F1581BD0}"
EndProject
Project("{9A19103F-16F7-4668-BE54-9A1E7A4F7556}") = "AnalyzerApi.Infrastructure", "AnalyzerApi.Infrastructure\AnalyzerApi.Infrastructure.csproj", "{C567DAE8-BC07-40C9-B433-69CC9ED4A8B5}"
EndProject
Project("{2150E333-8FDC-42A3-9474-1A3956D46DE8}") = "EventCommunication", "EventCommunication", "{825964EE-A71F-45D8-84F7-88372B4F71F1}"
EndProject
Project("{9A19103F-16F7-4668-BE54-9A1E7A4F7556}") = "EventCommunication", "..\ServerPulse.EventCommunication\EventCommunication\EventCommunication.csproj", "{D9CC5959-CA71-497F-B41E-19103CAA7F31}"
EndProject
Project("{9A19103F-16F7-4668-BE54-9A1E7A4F7556}") = "EventCommunication.Validators", "..\ServerPulse.EventCommunication\EventCommunication.Validators\EventCommunication.Validators.csproj", "{D99B2FA2-4349-43CD-9551-1EE47CD26867}"
EndProject
Project("{9A19103F-16F7-4668-BE54-9A1E7A4F7556}") = "AnalyzerApiTests", "..\..\test\ServerPulse.UnitTests\ServerPulse.Backend\AnalyzerApiTests\AnalyzerApiTests.csproj", "{58A2DFB6-0FB8-48AF-81B1-7258E8886B4B}"
EndProject
Project("{9A19103F-16F7-4668-BE54-9A1E7A4F7556}") = "ApiGatewayTests", "..\..\test\ServerPulse.UnitTests\ServerPulse.Backend\ApiGatewayTests\ApiGatewayTests.csproj", "{DC50CBF0-3531-4884-8DA2-CFF2B3B205CB}"
EndProject
Project("{9A19103F-16F7-4668-BE54-9A1E7A4F7556}") = "AuthenticationApi.InfrastructureTests", "..\..\test\ServerPulse.UnitTests\ServerPulse.Backend\AuthenticationApi.InfrastructureTests\AuthenticationApi.InfrastructureTests.csproj", "{09F900D2-927F-4F7E-B3C0-E241E4942BA9}"
EndProject
Project("{9A19103F-16F7-4668-BE54-9A1E7A4F7556}") = "AuthenticationApiTests", "..\..\test\ServerPulse.UnitTests\ServerPulse.Backend\AuthenticationApiTests\AuthenticationApiTests.csproj", "{F6AE55AB-88BA-49A7-91B9-BAB66B7723C5}"
EndProject
Project("{9A19103F-16F7-4668-BE54-9A1E7A4F7556}") = "AuthenticationTests", "..\..\test\ServerPulse.UnitTests\ServerPulse.Backend\AuthenticationTests\AuthenticationTests.csproj", "{03518CE3-E653-4A50-ADC1-E5FDF116C2BE}"
EndProject
Project("{9A19103F-16F7-4668-BE54-9A1E7A4F7556}") = "CachingTests", "..\..\test\ServerPulse.UnitTests\ServerPulse.Backend\CachingTestss\CachingTests.csproj", "{AA891A5D-41E8-4AF3-8A25-C613CFC4BD6B}"
EndProject
Project("{9A19103F-16F7-4668-BE54-9A1E7A4F7556}") = "DatabaseControlTests", "..\..\test\ServerPulse.UnitTests\ServerPulse.Backend\DatabaseControlTests\DatabaseControlTests.csproj", "{6D48ABF2-5658-4337-905A-A48DD3A5EFD4}"
EndProject
Project("{9A19103F-16F7-4668-BE54-9A1E7A4F7556}") = "ExceptionHandlingTests", "..\..\test\ServerPulse.UnitTests\ServerPulse.Backend\ExceptionHandlingTests\ExceptionHandlingTests.csproj", "{A51512CC-2479-422A-819E-4028C9C6D2EA}"
EndProject
Project("{9A19103F-16F7-4668-BE54-9A1E7A4F7556}") = "MessageBusTests", "..\..\test\ServerPulse.UnitTests\ServerPulse.Backend\MessageBusTests\MessageBusTests.csproj", "{C6D58487-48A2-4215-8207-4959F60880C3}"
EndProject
Project("{9A19103F-16F7-4668-BE54-9A1E7A4F7556}") = "ServerMonitorApiTests", "..\..\test\ServerPulse.UnitTests\ServerPulse.Backend\ServerMonitorApiTests\ServerMonitorApiTests.csproj", "{D0943F44-DC5B-4172-A436-45B9F0F92157}"
EndProject
Project("{9A19103F-16F7-4668-BE54-9A1E7A4F7556}") = "ServerSlotApi.InfrastructureTests", "..\..\test\ServerPulse.UnitTests\ServerPulse.Backend\ServerSlotApi.InfrastructureTests\ServerSlotApi.InfrastructureTests.csproj", "{58ED0E96-F130-49B9-9AF2-2D4B4F48BEB4}"
EndProject
Project("{9A19103F-16F7-4668-BE54-9A1E7A4F7556}") = "ServerSlotApiTests", "..\..\test\ServerPulse.UnitTests\ServerPulse.Backend\ServerSlotApiTests\ServerSlotApiTests.csproj", "{B3E10240-DB18-4C3A-AEBD-894341248AFF}"
EndProject
Project("{9A19103F-16F7-4668-BE54-9A1E7A4F7556}") = "SharedTests", "..\..\test\ServerPulse.UnitTests\ServerPulse.Backend\SharedTests\SharedTests.csproj", "{4220C611-3967-4B0D-9901-6F8D0D01FE69}"
EndProject
Project("{9A19103F-16F7-4668-BE54-9A1E7A4F7556}") = "AnalyzerApi.InfrastructureTests", "..\..\test\ServerPulse.UnitTests\ServerPulse.Backend\AnalyzerApi.InfrastructureTests\AnalyzerApi.InfrastructureTests.csproj", "{792306BF-9DAE-4858-B720-6E1FB38803CA}"
EndProject
Project("{FAE04EC0-301F-11D3-BF4B-00C04F79EFBC}") = "EventCommunication.ValidatorsTests", "..\..\test\ServerPulse.UnitTests\ServerPulse.EventCommunication\EventCommunication.ValidatorsTests\EventCommunication.ValidatorsTests.csproj", "{3AF53CDB-A7FC-4C8A-AA85-5E121C4CE305}"
EndProject
Global
	GlobalSection(SolutionConfigurationPlatforms) = preSolution
		Debug|Any CPU = Debug|Any CPU
		Release|Any CPU = Release|Any CPU
	EndGlobalSection
	GlobalSection(ProjectConfigurationPlatforms) = postSolution
		{F9C12789-CC5E-4A77-B686-7ABA033FE2C9}.Debug|Any CPU.ActiveCfg = Debug|Any CPU
		{F9C12789-CC5E-4A77-B686-7ABA033FE2C9}.Debug|Any CPU.Build.0 = Debug|Any CPU
		{F9C12789-CC5E-4A77-B686-7ABA033FE2C9}.Release|Any CPU.ActiveCfg = Release|Any CPU
		{F9C12789-CC5E-4A77-B686-7ABA033FE2C9}.Release|Any CPU.Build.0 = Release|Any CPU
		{5B1E72B7-1E72-4DDD-9496-00C7DA2C29A2}.Debug|Any CPU.ActiveCfg = Debug|Any CPU
		{5B1E72B7-1E72-4DDD-9496-00C7DA2C29A2}.Debug|Any CPU.Build.0 = Debug|Any CPU
		{5B1E72B7-1E72-4DDD-9496-00C7DA2C29A2}.Release|Any CPU.ActiveCfg = Release|Any CPU
		{5B1E72B7-1E72-4DDD-9496-00C7DA2C29A2}.Release|Any CPU.Build.0 = Release|Any CPU
		{EE43F286-EF99-4331-BB28-EA0E85053F0D}.Debug|Any CPU.ActiveCfg = Debug|Any CPU
		{EE43F286-EF99-4331-BB28-EA0E85053F0D}.Debug|Any CPU.Build.0 = Debug|Any CPU
		{EE43F286-EF99-4331-BB28-EA0E85053F0D}.Release|Any CPU.ActiveCfg = Release|Any CPU
		{EE43F286-EF99-4331-BB28-EA0E85053F0D}.Release|Any CPU.Build.0 = Release|Any CPU
		{8EAB7DC0-86B8-457A-B1A3-C62559D3DF19}.Debug|Any CPU.ActiveCfg = Debug|Any CPU
		{8EAB7DC0-86B8-457A-B1A3-C62559D3DF19}.Debug|Any CPU.Build.0 = Debug|Any CPU
		{8EAB7DC0-86B8-457A-B1A3-C62559D3DF19}.Release|Any CPU.ActiveCfg = Debug|Any CPU
		{BF11E821-30F9-4A09-978F-E19B14DC81DD}.Debug|Any CPU.ActiveCfg = Debug|Any CPU
		{BF11E821-30F9-4A09-978F-E19B14DC81DD}.Debug|Any CPU.Build.0 = Debug|Any CPU
		{BF11E821-30F9-4A09-978F-E19B14DC81DD}.Release|Any CPU.ActiveCfg = Release|Any CPU
		{BF11E821-30F9-4A09-978F-E19B14DC81DD}.Release|Any CPU.Build.0 = Release|Any CPU
		{C726CB4F-16EC-4ACF-847C-797A81441858}.Debug|Any CPU.ActiveCfg = Debug|Any CPU
		{C726CB4F-16EC-4ACF-847C-797A81441858}.Debug|Any CPU.Build.0 = Debug|Any CPU
		{C726CB4F-16EC-4ACF-847C-797A81441858}.Release|Any CPU.ActiveCfg = Release|Any CPU
		{C726CB4F-16EC-4ACF-847C-797A81441858}.Release|Any CPU.Build.0 = Release|Any CPU
		{7057027A-7F96-4EFA-A86E-C8B4FA56E0E6}.Debug|Any CPU.ActiveCfg = Debug|Any CPU
		{7057027A-7F96-4EFA-A86E-C8B4FA56E0E6}.Debug|Any CPU.Build.0 = Debug|Any CPU
		{7057027A-7F96-4EFA-A86E-C8B4FA56E0E6}.Release|Any CPU.ActiveCfg = Release|Any CPU
		{7057027A-7F96-4EFA-A86E-C8B4FA56E0E6}.Release|Any CPU.Build.0 = Release|Any CPU
		{FBB592FC-661A-488B-B704-DD131AF03FB8}.Debug|Any CPU.ActiveCfg = Debug|Any CPU
		{FBB592FC-661A-488B-B704-DD131AF03FB8}.Debug|Any CPU.Build.0 = Debug|Any CPU
		{FBB592FC-661A-488B-B704-DD131AF03FB8}.Release|Any CPU.ActiveCfg = Release|Any CPU
		{FBB592FC-661A-488B-B704-DD131AF03FB8}.Release|Any CPU.Build.0 = Release|Any CPU
		{9E7B6CC3-15F3-4FDF-AA0E-7831FF9380C2}.Debug|Any CPU.ActiveCfg = Debug|Any CPU
		{9E7B6CC3-15F3-4FDF-AA0E-7831FF9380C2}.Debug|Any CPU.Build.0 = Debug|Any CPU
		{9E7B6CC3-15F3-4FDF-AA0E-7831FF9380C2}.Release|Any CPU.ActiveCfg = Release|Any CPU
		{9E7B6CC3-15F3-4FDF-AA0E-7831FF9380C2}.Release|Any CPU.Build.0 = Release|Any CPU
		{88F5C66D-6546-4BEC-A201-BA6F8091D279}.Debug|Any CPU.ActiveCfg = Debug|Any CPU
		{88F5C66D-6546-4BEC-A201-BA6F8091D279}.Debug|Any CPU.Build.0 = Debug|Any CPU
		{88F5C66D-6546-4BEC-A201-BA6F8091D279}.Release|Any CPU.ActiveCfg = Release|Any CPU
		{88F5C66D-6546-4BEC-A201-BA6F8091D279}.Release|Any CPU.Build.0 = Release|Any CPU
		{30B31965-A471-455B-B6B7-2794D7CBAC48}.Debug|Any CPU.ActiveCfg = Debug|Any CPU
		{30B31965-A471-455B-B6B7-2794D7CBAC48}.Debug|Any CPU.Build.0 = Debug|Any CPU
		{30B31965-A471-455B-B6B7-2794D7CBAC48}.Release|Any CPU.ActiveCfg = Release|Any CPU
		{30B31965-A471-455B-B6B7-2794D7CBAC48}.Release|Any CPU.Build.0 = Release|Any CPU
		{E6742FC0-D85B-4090-8126-0731AB3D2F5A}.Debug|Any CPU.ActiveCfg = Debug|Any CPU
		{E6742FC0-D85B-4090-8126-0731AB3D2F5A}.Debug|Any CPU.Build.0 = Debug|Any CPU
		{E6742FC0-D85B-4090-8126-0731AB3D2F5A}.Release|Any CPU.ActiveCfg = Release|Any CPU
		{E6742FC0-D85B-4090-8126-0731AB3D2F5A}.Release|Any CPU.Build.0 = Release|Any CPU
		{4F9F16B0-D021-4DE9-A981-21A30606FE99}.Debug|Any CPU.ActiveCfg = Debug|Any CPU
		{4F9F16B0-D021-4DE9-A981-21A30606FE99}.Debug|Any CPU.Build.0 = Debug|Any CPU
		{4F9F16B0-D021-4DE9-A981-21A30606FE99}.Release|Any CPU.ActiveCfg = Release|Any CPU
		{4F9F16B0-D021-4DE9-A981-21A30606FE99}.Release|Any CPU.Build.0 = Release|Any CPU
		{44AC899C-5577-4DA2-85A9-ABE2860E5A4A}.Debug|Any CPU.ActiveCfg = Debug|Any CPU
		{44AC899C-5577-4DA2-85A9-ABE2860E5A4A}.Debug|Any CPU.Build.0 = Debug|Any CPU
		{44AC899C-5577-4DA2-85A9-ABE2860E5A4A}.Release|Any CPU.ActiveCfg = Release|Any CPU
		{44AC899C-5577-4DA2-85A9-ABE2860E5A4A}.Release|Any CPU.Build.0 = Release|Any CPU
		{86666036-7C2F-4078-8A78-C6CD43886899}.Debug|Any CPU.ActiveCfg = Debug|Any CPU
		{86666036-7C2F-4078-8A78-C6CD43886899}.Debug|Any CPU.Build.0 = Debug|Any CPU
		{86666036-7C2F-4078-8A78-C6CD43886899}.Release|Any CPU.ActiveCfg = Release|Any CPU
		{86666036-7C2F-4078-8A78-C6CD43886899}.Release|Any CPU.Build.0 = Release|Any CPU
		{9A490C1A-1B64-40E9-B337-E7AFEFC0DAE3}.Debug|Any CPU.ActiveCfg = Debug|Any CPU
		{9A490C1A-1B64-40E9-B337-E7AFEFC0DAE3}.Debug|Any CPU.Build.0 = Debug|Any CPU
		{9A490C1A-1B64-40E9-B337-E7AFEFC0DAE3}.Release|Any CPU.ActiveCfg = Release|Any CPU
		{9A490C1A-1B64-40E9-B337-E7AFEFC0DAE3}.Release|Any CPU.Build.0 = Release|Any CPU
		{C52AC13E-471C-4F3F-93CA-ACDBE4F4F6A2}.Debug|Any CPU.ActiveCfg = Debug|Any CPU
		{C52AC13E-471C-4F3F-93CA-ACDBE4F4F6A2}.Debug|Any CPU.Build.0 = Debug|Any CPU
		{C52AC13E-471C-4F3F-93CA-ACDBE4F4F6A2}.Release|Any CPU.ActiveCfg = Release|Any CPU
		{C52AC13E-471C-4F3F-93CA-ACDBE4F4F6A2}.Release|Any CPU.Build.0 = Release|Any CPU
		{CD88BBB6-5C00-4BED-A2BC-CBBF07141CDF}.Debug|Any CPU.ActiveCfg = Debug|Any CPU
		{CD88BBB6-5C00-4BED-A2BC-CBBF07141CDF}.Debug|Any CPU.Build.0 = Debug|Any CPU
		{CD88BBB6-5C00-4BED-A2BC-CBBF07141CDF}.Release|Any CPU.ActiveCfg = Release|Any CPU
		{CD88BBB6-5C00-4BED-A2BC-CBBF07141CDF}.Release|Any CPU.Build.0 = Release|Any CPU
		{2FD92622-48B3-485E-AB61-56A12340238E}.Debug|Any CPU.ActiveCfg = Debug|Any CPU
		{2FD92622-48B3-485E-AB61-56A12340238E}.Debug|Any CPU.Build.0 = Debug|Any CPU
		{2FD92622-48B3-485E-AB61-56A12340238E}.Release|Any CPU.ActiveCfg = Release|Any CPU
		{2FD92622-48B3-485E-AB61-56A12340238E}.Release|Any CPU.Build.0 = Release|Any CPU
		{2DC85E38-6837-4BA4-ACE7-5421FE80C792}.Debug|Any CPU.ActiveCfg = Debug|Any CPU
		{2DC85E38-6837-4BA4-ACE7-5421FE80C792}.Debug|Any CPU.Build.0 = Debug|Any CPU
		{2DC85E38-6837-4BA4-ACE7-5421FE80C792}.Release|Any CPU.ActiveCfg = Release|Any CPU
		{2DC85E38-6837-4BA4-ACE7-5421FE80C792}.Release|Any CPU.Build.0 = Release|Any CPU
		{D789E596-F8D5-4C57-B210-07FCE3F8202C}.Debug|Any CPU.ActiveCfg = Debug|Any CPU
		{D789E596-F8D5-4C57-B210-07FCE3F8202C}.Debug|Any CPU.Build.0 = Debug|Any CPU
		{D789E596-F8D5-4C57-B210-07FCE3F8202C}.Release|Any CPU.ActiveCfg = Release|Any CPU
		{D789E596-F8D5-4C57-B210-07FCE3F8202C}.Release|Any CPU.Build.0 = Release|Any CPU
		{AE420A7C-70D2-4992-83AD-700229EF2858}.Debug|Any CPU.ActiveCfg = Debug|Any CPU
		{AE420A7C-70D2-4992-83AD-700229EF2858}.Debug|Any CPU.Build.0 = Debug|Any CPU
		{AE420A7C-70D2-4992-83AD-700229EF2858}.Release|Any CPU.ActiveCfg = Release|Any CPU
		{AE420A7C-70D2-4992-83AD-700229EF2858}.Release|Any CPU.Build.0 = Release|Any CPU
		{C567DAE8-BC07-40C9-B433-69CC9ED4A8B5}.Debug|Any CPU.ActiveCfg = Debug|Any CPU
		{C567DAE8-BC07-40C9-B433-69CC9ED4A8B5}.Debug|Any CPU.Build.0 = Debug|Any CPU
		{C567DAE8-BC07-40C9-B433-69CC9ED4A8B5}.Release|Any CPU.ActiveCfg = Release|Any CPU
		{C567DAE8-BC07-40C9-B433-69CC9ED4A8B5}.Release|Any CPU.Build.0 = Release|Any CPU
		{D9CC5959-CA71-497F-B41E-19103CAA7F31}.Debug|Any CPU.ActiveCfg = Debug|Any CPU
		{D9CC5959-CA71-497F-B41E-19103CAA7F31}.Debug|Any CPU.Build.0 = Debug|Any CPU
		{D9CC5959-CA71-497F-B41E-19103CAA7F31}.Release|Any CPU.ActiveCfg = Release|Any CPU
		{D9CC5959-CA71-497F-B41E-19103CAA7F31}.Release|Any CPU.Build.0 = Release|Any CPU
		{D99B2FA2-4349-43CD-9551-1EE47CD26867}.Debug|Any CPU.ActiveCfg = Debug|Any CPU
		{D99B2FA2-4349-43CD-9551-1EE47CD26867}.Debug|Any CPU.Build.0 = Debug|Any CPU
		{D99B2FA2-4349-43CD-9551-1EE47CD26867}.Release|Any CPU.ActiveCfg = Release|Any CPU
		{D99B2FA2-4349-43CD-9551-1EE47CD26867}.Release|Any CPU.Build.0 = Release|Any CPU
		{58A2DFB6-0FB8-48AF-81B1-7258E8886B4B}.Debug|Any CPU.ActiveCfg = Debug|Any CPU
		{58A2DFB6-0FB8-48AF-81B1-7258E8886B4B}.Debug|Any CPU.Build.0 = Debug|Any CPU
		{58A2DFB6-0FB8-48AF-81B1-7258E8886B4B}.Release|Any CPU.ActiveCfg = Release|Any CPU
		{58A2DFB6-0FB8-48AF-81B1-7258E8886B4B}.Release|Any CPU.Build.0 = Release|Any CPU
		{DC50CBF0-3531-4884-8DA2-CFF2B3B205CB}.Debug|Any CPU.ActiveCfg = Debug|Any CPU
		{DC50CBF0-3531-4884-8DA2-CFF2B3B205CB}.Debug|Any CPU.Build.0 = Debug|Any CPU
		{DC50CBF0-3531-4884-8DA2-CFF2B3B205CB}.Release|Any CPU.ActiveCfg = Release|Any CPU
		{DC50CBF0-3531-4884-8DA2-CFF2B3B205CB}.Release|Any CPU.Build.0 = Release|Any CPU
		{09F900D2-927F-4F7E-B3C0-E241E4942BA9}.Debug|Any CPU.ActiveCfg = Debug|Any CPU
		{09F900D2-927F-4F7E-B3C0-E241E4942BA9}.Debug|Any CPU.Build.0 = Debug|Any CPU
		{09F900D2-927F-4F7E-B3C0-E241E4942BA9}.Release|Any CPU.ActiveCfg = Release|Any CPU
		{09F900D2-927F-4F7E-B3C0-E241E4942BA9}.Release|Any CPU.Build.0 = Release|Any CPU
		{F6AE55AB-88BA-49A7-91B9-BAB66B7723C5}.Debug|Any CPU.ActiveCfg = Debug|Any CPU
		{F6AE55AB-88BA-49A7-91B9-BAB66B7723C5}.Debug|Any CPU.Build.0 = Debug|Any CPU
		{F6AE55AB-88BA-49A7-91B9-BAB66B7723C5}.Release|Any CPU.ActiveCfg = Release|Any CPU
		{F6AE55AB-88BA-49A7-91B9-BAB66B7723C5}.Release|Any CPU.Build.0 = Release|Any CPU
		{03518CE3-E653-4A50-ADC1-E5FDF116C2BE}.Debug|Any CPU.ActiveCfg = Debug|Any CPU
		{03518CE3-E653-4A50-ADC1-E5FDF116C2BE}.Debug|Any CPU.Build.0 = Debug|Any CPU
		{03518CE3-E653-4A50-ADC1-E5FDF116C2BE}.Release|Any CPU.ActiveCfg = Release|Any CPU
		{03518CE3-E653-4A50-ADC1-E5FDF116C2BE}.Release|Any CPU.Build.0 = Release|Any CPU
		{AA891A5D-41E8-4AF3-8A25-C613CFC4BD6B}.Debug|Any CPU.ActiveCfg = Debug|Any CPU
		{AA891A5D-41E8-4AF3-8A25-C613CFC4BD6B}.Debug|Any CPU.Build.0 = Debug|Any CPU
		{AA891A5D-41E8-4AF3-8A25-C613CFC4BD6B}.Release|Any CPU.ActiveCfg = Release|Any CPU
		{AA891A5D-41E8-4AF3-8A25-C613CFC4BD6B}.Release|Any CPU.Build.0 = Release|Any CPU
		{6D48ABF2-5658-4337-905A-A48DD3A5EFD4}.Debug|Any CPU.ActiveCfg = Debug|Any CPU
		{6D48ABF2-5658-4337-905A-A48DD3A5EFD4}.Debug|Any CPU.Build.0 = Debug|Any CPU
		{6D48ABF2-5658-4337-905A-A48DD3A5EFD4}.Release|Any CPU.ActiveCfg = Release|Any CPU
		{6D48ABF2-5658-4337-905A-A48DD3A5EFD4}.Release|Any CPU.Build.0 = Release|Any CPU
		{A51512CC-2479-422A-819E-4028C9C6D2EA}.Debug|Any CPU.ActiveCfg = Debug|Any CPU
		{A51512CC-2479-422A-819E-4028C9C6D2EA}.Debug|Any CPU.Build.0 = Debug|Any CPU
		{A51512CC-2479-422A-819E-4028C9C6D2EA}.Release|Any CPU.ActiveCfg = Release|Any CPU
		{A51512CC-2479-422A-819E-4028C9C6D2EA}.Release|Any CPU.Build.0 = Release|Any CPU
		{C6D58487-48A2-4215-8207-4959F60880C3}.Debug|Any CPU.ActiveCfg = Debug|Any CPU
		{C6D58487-48A2-4215-8207-4959F60880C3}.Debug|Any CPU.Build.0 = Debug|Any CPU
		{C6D58487-48A2-4215-8207-4959F60880C3}.Release|Any CPU.ActiveCfg = Release|Any CPU
		{C6D58487-48A2-4215-8207-4959F60880C3}.Release|Any CPU.Build.0 = Release|Any CPU
		{D0943F44-DC5B-4172-A436-45B9F0F92157}.Debug|Any CPU.ActiveCfg = Debug|Any CPU
		{D0943F44-DC5B-4172-A436-45B9F0F92157}.Debug|Any CPU.Build.0 = Debug|Any CPU
		{D0943F44-DC5B-4172-A436-45B9F0F92157}.Release|Any CPU.ActiveCfg = Release|Any CPU
		{D0943F44-DC5B-4172-A436-45B9F0F92157}.Release|Any CPU.Build.0 = Release|Any CPU
		{58ED0E96-F130-49B9-9AF2-2D4B4F48BEB4}.Debug|Any CPU.ActiveCfg = Debug|Any CPU
		{58ED0E96-F130-49B9-9AF2-2D4B4F48BEB4}.Debug|Any CPU.Build.0 = Debug|Any CPU
		{58ED0E96-F130-49B9-9AF2-2D4B4F48BEB4}.Release|Any CPU.ActiveCfg = Release|Any CPU
		{58ED0E96-F130-49B9-9AF2-2D4B4F48BEB4}.Release|Any CPU.Build.0 = Release|Any CPU
		{B3E10240-DB18-4C3A-AEBD-894341248AFF}.Debug|Any CPU.ActiveCfg = Debug|Any CPU
		{B3E10240-DB18-4C3A-AEBD-894341248AFF}.Debug|Any CPU.Build.0 = Debug|Any CPU
		{B3E10240-DB18-4C3A-AEBD-894341248AFF}.Release|Any CPU.ActiveCfg = Release|Any CPU
		{B3E10240-DB18-4C3A-AEBD-894341248AFF}.Release|Any CPU.Build.0 = Release|Any CPU
		{4220C611-3967-4B0D-9901-6F8D0D01FE69}.Debug|Any CPU.ActiveCfg = Debug|Any CPU
		{4220C611-3967-4B0D-9901-6F8D0D01FE69}.Debug|Any CPU.Build.0 = Debug|Any CPU
		{4220C611-3967-4B0D-9901-6F8D0D01FE69}.Release|Any CPU.ActiveCfg = Release|Any CPU
		{4220C611-3967-4B0D-9901-6F8D0D01FE69}.Release|Any CPU.Build.0 = Release|Any CPU
		{792306BF-9DAE-4858-B720-6E1FB38803CA}.Debug|Any CPU.ActiveCfg = Debug|Any CPU
		{792306BF-9DAE-4858-B720-6E1FB38803CA}.Debug|Any CPU.Build.0 = Debug|Any CPU
		{792306BF-9DAE-4858-B720-6E1FB38803CA}.Release|Any CPU.ActiveCfg = Release|Any CPU
		{792306BF-9DAE-4858-B720-6E1FB38803CA}.Release|Any CPU.Build.0 = Release|Any CPU
		{3AF53CDB-A7FC-4C8A-AA85-5E121C4CE305}.Debug|Any CPU.ActiveCfg = Debug|Any CPU
		{3AF53CDB-A7FC-4C8A-AA85-5E121C4CE305}.Debug|Any CPU.Build.0 = Debug|Any CPU
		{3AF53CDB-A7FC-4C8A-AA85-5E121C4CE305}.Release|Any CPU.ActiveCfg = Release|Any CPU
		{3AF53CDB-A7FC-4C8A-AA85-5E121C4CE305}.Release|Any CPU.Build.0 = Release|Any CPU
	EndGlobalSection
	GlobalSection(SolutionProperties) = preSolution
		HideSolutionNode = FALSE
	EndGlobalSection
	GlobalSection(NestedProjects) = preSolution
		{F9C12789-CC5E-4A77-B686-7ABA033FE2C9} = {055C1BB6-678D-4258-80AC-4816688B1AF6}
		{5B1E72B7-1E72-4DDD-9496-00C7DA2C29A2} = {C260E3F5-9C36-4648-99F6-6714CF242134}
		{EE43F286-EF99-4331-BB28-EA0E85053F0D} = {055C1BB6-678D-4258-80AC-4816688B1AF6}
		{BF11E821-30F9-4A09-978F-E19B14DC81DD} = {69154AD3-EEF4-4521-A794-CCD368681851}
		{C726CB4F-16EC-4ACF-847C-797A81441858} = {C260E3F5-9C36-4648-99F6-6714CF242134}
		{7057027A-7F96-4EFA-A86E-C8B4FA56E0E6} = {055C1BB6-678D-4258-80AC-4816688B1AF6}
		{FBB592FC-661A-488B-B704-DD131AF03FB8} = {C260E3F5-9C36-4648-99F6-6714CF242134}
		{0282EC42-88AA-4C4E-BCA8-6083EE7CEA7C} = {79A11979-3949-4968-8C5F-A774070FC455}
		{9E7B6CC3-15F3-4FDF-AA0E-7831FF9380C2} = {C260E3F5-9C36-4648-99F6-6714CF242134}
		{0982AF25-AABE-4CED-8E03-280C1CCCFE84} = {79A11979-3949-4968-8C5F-A774070FC455}
		{88F5C66D-6546-4BEC-A201-BA6F8091D279} = {0982AF25-AABE-4CED-8E03-280C1CCCFE84}
		{30B31965-A471-455B-B6B7-2794D7CBAC48} = {0982AF25-AABE-4CED-8E03-280C1CCCFE84}
		{E6742FC0-D85B-4090-8126-0731AB3D2F5A} = {0982AF25-AABE-4CED-8E03-280C1CCCFE84}
		{4F9F16B0-D021-4DE9-A981-21A30606FE99} = {0982AF25-AABE-4CED-8E03-280C1CCCFE84}
		{44AC899C-5577-4DA2-85A9-ABE2860E5A4A} = {055C1BB6-678D-4258-80AC-4816688B1AF6}
		{86666036-7C2F-4078-8A78-C6CD43886899} = {055C1BB6-678D-4258-80AC-4816688B1AF6}
		{9A490C1A-1B64-40E9-B337-E7AFEFC0DAE3} = {055C1BB6-678D-4258-80AC-4816688B1AF6}
		{C52AC13E-471C-4F3F-93CA-ACDBE4F4F6A2} = {055C1BB6-678D-4258-80AC-4816688B1AF6}
		{CD88BBB6-5C00-4BED-A2BC-CBBF07141CDF} = {486984DC-19B6-437D-80BF-0BCA6F3921B8}
		{2FD92622-48B3-485E-AB61-56A12340238E} = {486984DC-19B6-437D-80BF-0BCA6F3921B8}
		{486984DC-19B6-437D-80BF-0BCA6F3921B8} = {055C1BB6-678D-4258-80AC-4816688B1AF6}
		{4D3C3B4C-1A2E-4D04-A0BC-B593A253E0D7} = {055C1BB6-678D-4258-80AC-4816688B1AF6}
		{2DC85E38-6837-4BA4-ACE7-5421FE80C792} = {4D3C3B4C-1A2E-4D04-A0BC-B593A253E0D7}
		{D789E596-F8D5-4C57-B210-07FCE3F8202C} = {4D3C3B4C-1A2E-4D04-A0BC-B593A253E0D7}
		{AE420A7C-70D2-4992-83AD-700229EF2858} = {055C1BB6-678D-4258-80AC-4816688B1AF6}
		{283B5A93-E98A-4C50-A644-8EB7F1581BD0} = {055C1BB6-678D-4258-80AC-4816688B1AF6}
		{C567DAE8-BC07-40C9-B433-69CC9ED4A8B5} = {283B5A93-E98A-4C50-A644-8EB7F1581BD0}
		{825964EE-A71F-45D8-84F7-88372B4F71F1} = {055C1BB6-678D-4258-80AC-4816688B1AF6}
		{D9CC5959-CA71-497F-B41E-19103CAA7F31} = {825964EE-A71F-45D8-84F7-88372B4F71F1}
		{D99B2FA2-4349-43CD-9551-1EE47CD26867} = {825964EE-A71F-45D8-84F7-88372B4F71F1}
		{58A2DFB6-0FB8-48AF-81B1-7258E8886B4B} = {0282EC42-88AA-4C4E-BCA8-6083EE7CEA7C}
		{DC50CBF0-3531-4884-8DA2-CFF2B3B205CB} = {0282EC42-88AA-4C4E-BCA8-6083EE7CEA7C}
		{09F900D2-927F-4F7E-B3C0-E241E4942BA9} = {0282EC42-88AA-4C4E-BCA8-6083EE7CEA7C}
		{F6AE55AB-88BA-49A7-91B9-BAB66B7723C5} = {0282EC42-88AA-4C4E-BCA8-6083EE7CEA7C}
		{03518CE3-E653-4A50-ADC1-E5FDF116C2BE} = {0282EC42-88AA-4C4E-BCA8-6083EE7CEA7C}
		{AA891A5D-41E8-4AF3-8A25-C613CFC4BD6B} = {0282EC42-88AA-4C4E-BCA8-6083EE7CEA7C}
		{6D48ABF2-5658-4337-905A-A48DD3A5EFD4} = {0282EC42-88AA-4C4E-BCA8-6083EE7CEA7C}
		{A51512CC-2479-422A-819E-4028C9C6D2EA} = {0282EC42-88AA-4C4E-BCA8-6083EE7CEA7C}
		{C6D58487-48A2-4215-8207-4959F60880C3} = {0282EC42-88AA-4C4E-BCA8-6083EE7CEA7C}
		{D0943F44-DC5B-4172-A436-45B9F0F92157} = {0282EC42-88AA-4C4E-BCA8-6083EE7CEA7C}
		{58ED0E96-F130-49B9-9AF2-2D4B4F48BEB4} = {0282EC42-88AA-4C4E-BCA8-6083EE7CEA7C}
		{B3E10240-DB18-4C3A-AEBD-894341248AFF} = {0282EC42-88AA-4C4E-BCA8-6083EE7CEA7C}
		{4220C611-3967-4B0D-9901-6F8D0D01FE69} = {0282EC42-88AA-4C4E-BCA8-6083EE7CEA7C}
		{792306BF-9DAE-4858-B720-6E1FB38803CA} = {0282EC42-88AA-4C4E-BCA8-6083EE7CEA7C}
		{3AF53CDB-A7FC-4C8A-AA85-5E121C4CE305} = {0282EC42-88AA-4C4E-BCA8-6083EE7CEA7C}
	EndGlobalSection
	GlobalSection(ExtensibilityGlobals) = postSolution
		SolutionGuid = {89B7B374-29A5-4E5B-A21F-6FC2B0DE9918}
	EndGlobalSection
EndGlobal
